
Microsoft Visual Studio Solution File, Format Version 12.00
# Visual Studio 15
VisualStudioVersion = 15.0.27004.2006
MinimumVisualStudioVersion = 10.0.40219.1
Project("{8BC9CEB8-8B4A-11D0-8D11-00A0C91BC942}") = "00_YuraProject", "00_YuraProject\00_YuraProject.vcxproj", "{2B5A99D3-68D7-463A-A880-739B5C701B9B}"
	ProjectSection(ProjectDependencies) = postProject
		{0D417BF8-274A-42C7-BCB3-D06DC44FC929} = {0D417BF8-274A-42C7-BCB3-D06DC44FC929}
	EndProjectSection
EndProject
Project("{8BC9CEB8-8B4A-11D0-8D11-00A0C91BC942}") = "01_Pointer", "01_Pointer\01_Pointer.vcxproj", "{CD56530C-A457-4141-87EC-8B16C482B701}"
EndProject
Project("{2150E333-8FDC-42A3-9474-1A3956D46DE8}") = "C++", "C++", "{F69DB3C0-3199-4172-B446-3603D204883A}"
EndProject
Project("{2150E333-8FDC-42A3-9474-1A3956D46DE8}") = "C_Lang", "C_Lang", "{8522AE3B-AF6E-4A09-94FA-DD43DFFAD258}"
EndProject
Project("{2150E333-8FDC-42A3-9474-1A3956D46DE8}") = "DataStructure", "DataStructure", "{5E476AC6-7C1F-42CA-9152-EF41FF0C51F3}"
EndProject
Project("{8BC9CEB8-8B4A-11D0-8D11-00A0C91BC942}") = "20_BinaryTree", "20_BinaryTree\20_BinaryTree.vcxproj", "{A5049749-E930-4EF7-BCA3-1B3040A31E00}"
EndProject
Project("{8BC9CEB8-8B4A-11D0-8D11-00A0C91BC942}") = "21_BinarySerchTree", "21_BinarySerchTree\21_BinarySerchTree.vcxproj", "{A54DDD66-1D77-437D-A420-5BF80FE1B7FB}"
EndProject
Project("{2150E333-8FDC-42A3-9474-1A3956D46DE8}") = "Design Pattern", "Design Pattern", "{4692171E-E880-4795-BFD0-1B1AC61D0173}"
EndProject
Project("{8BC9CEB8-8B4A-11D0-8D11-00A0C91BC942}") = "23_AVLTree", "23_AVLTree\23_AVLTree.vcxproj", "{20D1C3AA-7EAD-4290-A5DF-BA91041E3C35}"
EndProject
Project("{8BC9CEB8-8B4A-11D0-8D11-00A0C91BC942}") = "24_AbstractFactory", "24_AbstractFactoryPattern\24_AbstractFactoryPattern.vcxproj", "{CF6763B5-7C0B-43B1-A7EE-9D2D335C121B}"
EndProject
Project("{8BC9CEB8-8B4A-11D0-8D11-00A0C91BC942}") = "26_PrototypePattern", "26_PrototypePattern\26_PrototypePattern.vcxproj", "{B1A2B279-CD1A-43C9-9FB4-BA49524D209C}"
EndProject
Project("{8BC9CEB8-8B4A-11D0-8D11-00A0C91BC942}") = "27_AdapterPattern", "27_AdapterPattern\27_AdapterPattern.vcxproj", "{ABBC2D90-F3F8-4CC8-B7B8-17360674C3CC}"
EndProject
Project("{8BC9CEB8-8B4A-11D0-8D11-00A0C91BC942}") = "28_DecoratorPattern", "28_DecoratorPattern\28_DecoratorPattern.vcxproj", "{32CFC8C3-DDE3-40C6-90B8-8A0AD9C279A8}"
EndProject
Project("{2150E333-8FDC-42A3-9474-1A3956D46DE8}") = "WINAPI", "WINAPI", "{EFBD4958-ECD9-40B6-8B8F-D5711A2A8F33}"
EndProject
Project("{8BC9CEB8-8B4A-11D0-8D11-00A0C91BC942}") = "31_WindowClass", "31_WindowClass\31_WindowClass.vcxproj", "{4CF6D6E0-6CC9-4E8D-8423-1D4937E9C2EF}"
EndProject
Project("{8BC9CEB8-8B4A-11D0-8D11-00A0C91BC942}") = "33_SampleInput", "33_SampleInput\33_SampleInput.vcxproj", "{E502AE6B-5979-4454-A163-8C8C278A7BB1}"
EndProject
Project("{8BC9CEB8-8B4A-11D0-8D11-00A0C91BC942}") = "35_SampleBitmapBlt", "35_SampleBitmapBlt\35_SampleBitmapBlt.vcxproj", "{85FB4008-6BB9-401C-9502-78DA2E2C51D5}"
EndProject
Project("{8BC9CEB8-8B4A-11D0-8D11-00A0C91BC942}") = "TCoreLib", "TCoreLib\TCoreLib.vcxproj", "{7E253795-8C92-49EB-B67B-C55E6118E706}"
EndProject
Project("{8BC9CEB8-8B4A-11D0-8D11-00A0C91BC942}") = "37_SampleLib", "37_SampleLib\37_SampleLib.vcxproj", "{5F17CE10-551D-42DE-A3BC-366D7840B50E}"
	ProjectSection(ProjectDependencies) = postProject
		{7E253795-8C92-49EB-B67B-C55E6118E706} = {7E253795-8C92-49EB-B67B-C55E6118E706}
	EndProjectSection
EndProject
Project("{8BC9CEB8-8B4A-11D0-8D11-00A0C91BC942}") = "41_SampleSprite", "41_SampleSprite\41_SampleSprite.vcxproj", "{F5A11A9B-794B-4A9D-BD1D-50D1BCF79550}"
	ProjectSection(ProjectDependencies) = postProject
		{7E253795-8C92-49EB-B67B-C55E6118E706} = {7E253795-8C92-49EB-B67B-C55E6118E706}
	EndProjectSection
EndProject
Project("{8BC9CEB8-8B4A-11D0-8D11-00A0C91BC942}") = "43_SampleFSM", "43_SampleFSM\43_SampleFSM.vcxproj", "{C5E154D7-BC97-4945-B1DE-B68D574464C0}"
	ProjectSection(ProjectDependencies) = postProject
		{7E253795-8C92-49EB-B67B-C55E6118E706} = {7E253795-8C92-49EB-B67B-C55E6118E706}
	EndProjectSection
EndProject
Project("{8BC9CEB8-8B4A-11D0-8D11-00A0C91BC942}") = "02_FileIO", "02_FileIO\02_FileIO.vcxproj", "{31BC3393-3C9C-4B56-827A-CE0104B699D5}"
EndProject
Project("{8BC9CEB8-8B4A-11D0-8D11-00A0C91BC942}") = "03_StudentManager", "03_StudentManager\03_StudentManager.vcxproj", "{7C5C3C0A-2F9D-4B1A-99DA-3A5DBB82E5AD}"
EndProject
Project("{8BC9CEB8-8B4A-11D0-8D11-00A0C91BC942}") = "04_Struct_C++", "04_Struct_C++\04_Struct_C++.vcxproj", "{804F6808-B889-49B7-83A4-3B2AEF6C9207}"
EndProject
Project("{8BC9CEB8-8B4A-11D0-8D11-00A0C91BC942}") = "05_Operator_0", "05_Operator_0\05_Operator_0.vcxproj", "{FC814034-506D-4A78-A90C-CD57B512152E}"
EndProject
Project("{8BC9CEB8-8B4A-11D0-8D11-00A0C91BC942}") = "06_Friend", "06_Friend\06_Friend.vcxproj", "{90485C74-F58D-488F-AE69-CF46F9B6AB4F}"
EndProject
Project("{8BC9CEB8-8B4A-11D0-8D11-00A0C91BC942}") = "11_Cast", "07_Polymorphism_0\07_Polymorphism_0.vcxproj", "{75CD83C8-7D56-4CAD-A77F-328B3AB23336}"
EndProject
Project("{8BC9CEB8-8B4A-11D0-8D11-00A0C91BC942}") = "08_TCompany", "09_TCompany\09_TCompany.vcxproj", "{C200ACEB-5662-4136-9F60-26741FB7D034}"
EndProject
Project("{8BC9CEB8-8B4A-11D0-8D11-00A0C91BC942}") = "09_TemplateFunction", "10_TemplateFunction\10_TemplateFunction.vcxproj", "{810274AD-DF0C-4589-8446-CDF2E5B34E71}"
EndProject
Project("{8BC9CEB8-8B4A-11D0-8D11-00A0C91BC942}") = "10_TemplateSpecialize", "11_TemplateSpecialize\11_TemplateSpecialize.vcxproj", "{99C8241B-A7FF-4AE8-B2CF-EB7DC42D6456}"
EndProject
Project("{8BC9CEB8-8B4A-11D0-8D11-00A0C91BC942}") = "12_Exception", "12_Exception\12_Exception.vcxproj", "{E4BCD5B8-907F-435C-9AEF-58FFC2A2BD34}"
EndProject
Project("{8BC9CEB8-8B4A-11D0-8D11-00A0C91BC942}") = "13_LinkedList_0", "13_LinkedList_0\13_LinkedList_0.vcxproj", "{82F9AD8F-23E0-4528-8727-2B014977DD39}"
EndProject
Project("{8BC9CEB8-8B4A-11D0-8D11-00A0C91BC942}") = "14_String", "14_String\14_STL_00.vcxproj", "{CC60BCE7-4227-43BA-B57E-A3BF3748A940}"
EndProject
Project("{8BC9CEB8-8B4A-11D0-8D11-00A0C91BC942}") = "15_Vector_List", "15_Vector_List\15_vector.vcxproj", "{6D3501E6-AA95-414A-915C-C41587F1A331}"
EndProject
Project("{8BC9CEB8-8B4A-11D0-8D11-00A0C91BC942}") = "16_Map_Set", "16_Map_Set\16_STL02.vcxproj", "{67B68EF2-295A-423F-8953-06E790217325}"
EndProject
Project("{8BC9CEB8-8B4A-11D0-8D11-00A0C91BC942}") = "17_Stack", "17_Stack\17_Stack.vcxproj", "{10347E0B-0C7F-479D-A0E9-3DE43FCB6089}"
EndProject
Project("{8BC9CEB8-8B4A-11D0-8D11-00A0C91BC942}") = "18_TQueue", "18_TQueue\18_TQueue.vcxproj", "{27D23900-7DB8-4BFD-9DB8-026DA178893B}"
EndProject
Project("{8BC9CEB8-8B4A-11D0-8D11-00A0C91BC942}") = "19_Sort", "19_Sort\19_Sort.vcxproj", "{941A78A2-6D46-4766-946E-2487C5F5C069}"
EndProject
Project("{8BC9CEB8-8B4A-11D0-8D11-00A0C91BC942}") = "22_Hash", "22_Hash\22_Hash.vcxproj", "{C83FF0EB-9AC8-4DD7-9D43-5FD9DBF35DAA}"
EndProject
Project("{8BC9CEB8-8B4A-11D0-8D11-00A0C91BC942}") = "25_BuilderPattern", "25_BuilderPattern\25_BuilderPattern.vcxproj", "{7CE77034-59BD-4108-B711-8A32E2C3A397}"
EndProject
Project("{8BC9CEB8-8B4A-11D0-8D11-00A0C91BC942}") = "27_0_TextView", "27_0_TextView\27_0_TextView.vcxproj", "{BD28E0B6-F579-4B0C-957A-241CB5F732EA}"
EndProject
Project("{8BC9CEB8-8B4A-11D0-8D11-00A0C91BC942}") = "29_FacadePattern", "29_FacadePattern\29_FacadePattern.vcxproj", "{1F3AC826-5B4B-46E6-825B-E8F0C2108CA9}"
EndProject
Project("{8BC9CEB8-8B4A-11D0-8D11-00A0C91BC942}") = "30_FirstWindow", "30_FirstWindow\30_FirstWindow.vcxproj", "{33FD7EF7-896E-4D4C-AA40-03BD846EB616}"
EndProject
Project("{8BC9CEB8-8B4A-11D0-8D11-00A0C91BC942}") = "32_SampleTimer", "32_SampleTimer\32_SampleTimer.vcxproj", "{86AD0F99-9038-4DEC-95F0-3FC4A4FEFCA8}"
EndProject
Project("{8BC9CEB8-8B4A-11D0-8D11-00A0C91BC942}") = "34_SampleBitmap", "34_SampleBitmap\34_SampleBitmap.vcxproj", "{93D5D471-0B33-4285-A291-4926AE36EFCA}"
EndProject
Project("{8BC9CEB8-8B4A-11D0-8D11-00A0C91BC942}") = "38_SampleObject", "38_SampleObject\38_SampleObject.vcxproj", "{5893E5FE-BD58-4B6F-A415-B97854F98C13}"
	ProjectSection(ProjectDependencies) = postProject
		{7E253795-8C92-49EB-B67B-C55E6118E706} = {7E253795-8C92-49EB-B67B-C55E6118E706}
	EndProjectSection
EndProject
Project("{8BC9CEB8-8B4A-11D0-8D11-00A0C91BC942}") = "39_SampleUI", "39_SampleUI\39_SampleUI.vcxproj", "{781518F5-A3D4-444D-BA32-BE067C5ECD49}"
	ProjectSection(ProjectDependencies) = postProject
		{7E253795-8C92-49EB-B67B-C55E6118E706} = {7E253795-8C92-49EB-B67B-C55E6118E706}
	EndProjectSection
EndProject
Project("{8BC9CEB8-8B4A-11D0-8D11-00A0C91BC942}") = "40_SampleRotationBitmap", "40_SampleRotationBitmap\40_SampleRotationBitmap.vcxproj", "{51F250DB-5BB4-4F6B-8AD7-8D3AB42F7E77}"
	ProjectSection(ProjectDependencies) = postProject
		{7E253795-8C92-49EB-B67B-C55E6118E706} = {7E253795-8C92-49EB-B67B-C55E6118E706}
	EndProjectSection
EndProject
Project("{8BC9CEB8-8B4A-11D0-8D11-00A0C91BC942}") = "42_SampleSound", "42_SampleSound\42_SampleSound.vcxproj", "{DBE632D3-10C8-4E4A-8C5B-41EF26E1A466}"
	ProjectSection(ProjectDependencies) = postProject
		{7E253795-8C92-49EB-B67B-C55E6118E706} = {7E253795-8C92-49EB-B67B-C55E6118E706}
	EndProjectSection
EndProject
Project("{8BC9CEB8-8B4A-11D0-8D11-00A0C91BC942}") = "44_SampleMap", "44_SampleMap\44_SampleMap.vcxproj", "{33CADF36-DA4B-4551-B1BF-7E1D13EAD43A}"
	ProjectSection(ProjectDependencies) = postProject
		{7E253795-8C92-49EB-B67B-C55E6118E706} = {7E253795-8C92-49EB-B67B-C55E6118E706}
	EndProjectSection
EndProject
Project("{2150E333-8FDC-42A3-9474-1A3956D46DE8}") = "DirectX3D", "DirectX3D", "{00C16D2C-2F78-4908-A039-6B8CCCDBF2F1}"
EndProject
Project("{8BC9CEB8-8B4A-11D0-8D11-00A0C91BC942}") = "xCoreLib", "TCoreLib3D\TCoreLib.vcxproj", "{0D417BF8-274A-42C7-BCB3-D06DC44FC929}"
EndProject
Project("{8BC9CEB8-8B4A-11D0-8D11-00A0C91BC942}") = "41_CreateDevice_1", "CreateDevice\CreateDevice.vcxproj", "{94DAC799-5012-4420-8EA7-F1C5B1B45A4F}"
EndProject
Project("{8BC9CEB8-8B4A-11D0-8D11-00A0C91BC942}") = "43_SampleLib", "SampleLib_0\SampleLib_0.vcxproj", "{F16E7920-53F5-40DE-B194-EC64D5214C32}"
	ProjectSection(ProjectDependencies) = postProject
		{0D417BF8-274A-42C7-BCB3-D06DC44FC929} = {0D417BF8-274A-42C7-BCB3-D06DC44FC929}
	EndProjectSection
EndProject
Project("{8BC9CEB8-8B4A-11D0-8D11-00A0C91BC942}") = "42_CreateDevice_2", "CreateDevice_2\CreateDevice_2.vcxproj", "{AE9EEE9E-D620-4A1F-A376-68A969F4F6EC}"
EndProject
Project("{8BC9CEB8-8B4A-11D0-8D11-00A0C91BC942}") = "44_FullScreenDevice", "FullScreenDevice\FullScreenDevice.vcxproj", "{7D545D4D-C21C-411C-BC36-FC29FC75ABDA}"
	ProjectSection(ProjectDependencies) = postProject
		{0D417BF8-274A-42C7-BCB3-D06DC44FC929} = {0D417BF8-274A-42C7-BCB3-D06DC44FC929}
	EndProjectSection
EndProject
Project("{8BC9CEB8-8B4A-11D0-8D11-00A0C91BC942}") = "45_DirectWrite", "DirectWrite\DirectWrite.vcxproj", "{8542EC47-1390-426D-8970-06EC98A1B63A}"
EndProject
Project("{8BC9CEB8-8B4A-11D0-8D11-00A0C91BC942}") = "46_DirectInput", "46_DirectInput\46_DirectInput.vcxproj", "{247DC983-A885-4A55-9F47-51FCAA65CBCF}"
	ProjectSection(ProjectDependencies) = postProject
		{0D417BF8-274A-42C7-BCB3-D06DC44FC929} = {0D417BF8-274A-42C7-BCB3-D06DC44FC929}
	EndProjectSection
EndProject
Project("{8BC9CEB8-8B4A-11D0-8D11-00A0C91BC942}") = "47_VertexBuffer", "47_VertexBuffer\47_VertexBuffer.vcxproj", "{A7C37503-1BCF-4546-AB28-8B9D3A4D9A93}"
EndProject
Project("{8BC9CEB8-8B4A-11D0-8D11-00A0C91BC942}") = "48_IndexBuffer", "48_IndexBuffer\48_IndexBuffer.vcxproj", "{7B3A51C7-F733-4260-937D-67223AE6BEAD}"
EndProject
Project("{8BC9CEB8-8B4A-11D0-8D11-00A0C91BC942}") = "49_Texture3D", "49_Texture3D\49_Texture3D.vcxproj", "{42B59B93-8FCF-4D89-A932-DEDC0617F172}"
EndProject
Project("{8BC9CEB8-8B4A-11D0-8D11-00A0C91BC942}") = "50_AlphaBlend", "50_AlphaBlend\50_AlphaBlend.vcxproj", "{C3045EBA-3C0E-4B12-9790-DEE16A9B67FD}"
EndProject
Project("{8BC9CEB8-8B4A-11D0-8D11-00A0C91BC942}") = "51_Rotation", "51_Rotation\51_Rotation.vcxproj", "{1C5181BB-123E-49AE-819C-508B328AC9C9}"
EndProject
Project("{8BC9CEB8-8B4A-11D0-8D11-00A0C91BC942}") = "52_Rasterizer", "52_Rasterizer\52_Rasterizer.vcxproj", "{4A29425D-C825-4003-8CA1-06F116B5A9E5}"
EndProject
Project("{2150E333-8FDC-42A3-9474-1A3956D46DE8}") = "Socket", "Socket", "{A833A242-FF71-49FA-94E5-CCBEF5175D01}"
EndProject
Project("{8BC9CEB8-8B4A-11D0-8D11-00A0C91BC942}") = "54_Client_0", "Client_0\Client_0.vcxproj", "{C64E6B77-D660-459B-982B-B225A643EF29}"
EndProject
Project("{8BC9CEB8-8B4A-11D0-8D11-00A0C91BC942}") = "55_Server_00", "Server_0\Server_0.vcxproj", "{5501517A-9E7A-4C33-9385-A040E0E3F02B}"
EndProject
Project("{8BC9CEB8-8B4A-11D0-8D11-00A0C91BC942}") = "56_Server_01", "Server_1\Server_1.vcxproj", "{0A18B3B2-DBAE-4EE2-8300-66D73ECBD611}"
EndProject
Project("{8BC9CEB8-8B4A-11D0-8D11-00A0C91BC942}") = "57_Thread_0", "Thread_0\Thread_0.vcxproj", "{2EA442D0-9C26-4FF5-827D-9C164CE9DFAD}"
EndProject
Project("{8BC9CEB8-8B4A-11D0-8D11-00A0C91BC942}") = "58_Client_1", "Client_1\Client_1.vcxproj", "{6875A3BB-D766-4DA9-815D-DE63A506DA1F}"
EndProject
Project("{8BC9CEB8-8B4A-11D0-8D11-00A0C91BC942}") = "53_IME", "IME\IME.vcxproj", "{111E988B-4763-4AB4-BE40-8D71C57812BC}"
EndProject
Project("{8BC9CEB8-8B4A-11D0-8D11-00A0C91BC942}") = "61_EchoServer_1_CS", "EchoServer\EchoServer.vcxproj", "{E9BA8D59-0BF7-4182-80D5-165E98066EC2}"
EndProject
Project("{8BC9CEB8-8B4A-11D0-8D11-00A0C91BC942}") = "60_Client_2", "Client_2\Client_2.vcxproj", "{4BD06D69-3B1E-4272-9C0E-0811F933D056}"
EndProject
Project("{8BC9CEB8-8B4A-11D0-8D11-00A0C91BC942}") = "62_Server_2_Mutex", "Mutex\Mutex.vcxproj", "{26A57C3B-35EF-4A6F-B986-8C9899580DE6}"
EndProject
Project("{8BC9CEB8-8B4A-11D0-8D11-00A0C91BC942}") = "63_SelectModel_0", "63_SelectModel_0\63_SelectModel_0.vcxproj", "{DE10C3CD-4FAC-4C39-AF28-BC8F0072FAEC}"
EndProject
Project("{8BC9CEB8-8B4A-11D0-8D11-00A0C91BC942}") = "64_ASync_0", "64_IO\64_IO.vcxproj", "{F2B83B06-387B-452F-B86E-42AFBFE81D19}"
EndProject
Project("{8BC9CEB8-8B4A-11D0-8D11-00A0C91BC942}") = "65_iocpServer", "iocpServer\iocpServer.vcxproj", "{15DD0640-934C-4FDD-B142-0B03F35D4FAD}"
EndProject
Project("{8BC9CEB8-8B4A-11D0-8D11-00A0C91BC942}") = "TSvrLib", "TSvrLib\TSvrLib.vcxproj", "{1E11DA9C-3120-45F9-87A5-5E2F841DD27E}"
EndProject
Project("{8BC9CEB8-8B4A-11D0-8D11-00A0C91BC942}") = "66_LoginSvr", "66_LoginSvr\66_LoginSvr.vcxproj", "{1E9ABFF1-9D84-4911-82E2-753F8C91F495}"
	ProjectSection(ProjectDependencies) = postProject
		{1E11DA9C-3120-45F9-87A5-5E2F841DD27E} = {1E11DA9C-3120-45F9-87A5-5E2F841DD27E}
	EndProjectSection
EndProject
Project("{2150E333-8FDC-42A3-9474-1A3956D46DE8}") = "DB", "DB", "{EB8F5520-54CF-4378-8B79-CB9C0E03D327}"
EndProject
Project("{8BC9CEB8-8B4A-11D0-8D11-00A0C91BC942}") = "67_ODBC", "odcb\odcb.vcxproj", "{9A06C1E2-0046-44E7-9F98-E5F31EB2EC0D}"
EndProject
Project("{8BC9CEB8-8B4A-11D0-8D11-00A0C91BC942}") = "68_DB_1", "68_DB_1\68_DB_1.vcxproj", "{59B2BA27-59AD-4310-9B8B-B6EBEBE12B2E}"
EndProject
Project("{8BC9CEB8-8B4A-11D0-8D11-00A0C91BC942}") = "69_DB_2", "69_DB_2\69_DB_2.vcxproj", "{61D6103C-798F-4B32-971A-43237022B95E}"
EndProject
Project("{8BC9CEB8-8B4A-11D0-8D11-00A0C91BC942}") = "70_DB_3", "70_DB_3\70_DB_3.vcxproj", "{FD066CBB-16DF-4C03-B7D1-C9313E12018D}"
EndProject
Project("{8BC9CEB8-8B4A-11D0-8D11-00A0C91BC942}") = "71_RTTI", "RTTI\RTTI.vcxproj", "{5F778E34-3526-46FD-AD02-6714E3AF8DDA}"
EndProject
Project("{8BC9CEB8-8B4A-11D0-8D11-00A0C91BC942}") = "59_Packet", "59_Packet\59_Packet.vcxproj", "{BD1F61E4-8F79-4358-8279-B0ED32AD568B}"
EndProject
Project("{8BC9CEB8-8B4A-11D0-8D11-00A0C91BC942}") = "66_1_UDPClient", "66_1_UDPClient\66_1_UDPClient.vcxproj", "{FD17D4FC-1775-4B1A-A5E3-CC19593955EB}"
EndProject
Project("{8BC9CEB8-8B4A-11D0-8D11-00A0C91BC942}") = "67_Vector_1", "67_Vector_1\67_Vector_1.vcxproj", "{646CE707-A807-4E7D-8FF1-9C9B492C6B04}"
	ProjectSection(ProjectDependencies) = postProject
		{0D417BF8-274A-42C7-BCB3-D06DC44FC929} = {0D417BF8-274A-42C7-BCB3-D06DC44FC929}
	EndProjectSection
EndProject
Global
	GlobalSection(SolutionConfigurationPlatforms) = preSolution
		Debug|x64 = Debug|x64
		Debug|x86 = Debug|x86
		Release|x64 = Release|x64
		Release|x86 = Release|x86
	EndGlobalSection
	GlobalSection(ProjectConfigurationPlatforms) = postSolution
		{2B5A99D3-68D7-463A-A880-739B5C701B9B}.Debug|x64.ActiveCfg = Debug|x64
		{2B5A99D3-68D7-463A-A880-739B5C701B9B}.Debug|x64.Build.0 = Debug|x64
		{2B5A99D3-68D7-463A-A880-739B5C701B9B}.Debug|x86.ActiveCfg = Debug|Win32
		{2B5A99D3-68D7-463A-A880-739B5C701B9B}.Debug|x86.Build.0 = Debug|Win32
		{2B5A99D3-68D7-463A-A880-739B5C701B9B}.Release|x64.ActiveCfg = Release|x64
		{2B5A99D3-68D7-463A-A880-739B5C701B9B}.Release|x64.Build.0 = Release|x64
		{2B5A99D3-68D7-463A-A880-739B5C701B9B}.Release|x86.ActiveCfg = Release|Win32
		{2B5A99D3-68D7-463A-A880-739B5C701B9B}.Release|x86.Build.0 = Release|Win32
		{CD56530C-A457-4141-87EC-8B16C482B701}.Debug|x64.ActiveCfg = Debug|x64
		{CD56530C-A457-4141-87EC-8B16C482B701}.Debug|x64.Build.0 = Debug|x64
		{CD56530C-A457-4141-87EC-8B16C482B701}.Debug|x86.ActiveCfg = Debug|Win32
		{CD56530C-A457-4141-87EC-8B16C482B701}.Debug|x86.Build.0 = Debug|Win32
		{CD56530C-A457-4141-87EC-8B16C482B701}.Release|x64.ActiveCfg = Release|x64
		{CD56530C-A457-4141-87EC-8B16C482B701}.Release|x64.Build.0 = Release|x64
		{CD56530C-A457-4141-87EC-8B16C482B701}.Release|x86.ActiveCfg = Release|Win32
		{CD56530C-A457-4141-87EC-8B16C482B701}.Release|x86.Build.0 = Release|Win32
		{A5049749-E930-4EF7-BCA3-1B3040A31E00}.Debug|x64.ActiveCfg = Debug|x64
		{A5049749-E930-4EF7-BCA3-1B3040A31E00}.Debug|x64.Build.0 = Debug|x64
		{A5049749-E930-4EF7-BCA3-1B3040A31E00}.Debug|x86.ActiveCfg = Debug|Win32
		{A5049749-E930-4EF7-BCA3-1B3040A31E00}.Debug|x86.Build.0 = Debug|Win32
		{A5049749-E930-4EF7-BCA3-1B3040A31E00}.Release|x64.ActiveCfg = Release|x64
		{A5049749-E930-4EF7-BCA3-1B3040A31E00}.Release|x64.Build.0 = Release|x64
		{A5049749-E930-4EF7-BCA3-1B3040A31E00}.Release|x86.ActiveCfg = Release|Win32
		{A5049749-E930-4EF7-BCA3-1B3040A31E00}.Release|x86.Build.0 = Release|Win32
		{A54DDD66-1D77-437D-A420-5BF80FE1B7FB}.Debug|x64.ActiveCfg = Debug|x64
		{A54DDD66-1D77-437D-A420-5BF80FE1B7FB}.Debug|x64.Build.0 = Debug|x64
		{A54DDD66-1D77-437D-A420-5BF80FE1B7FB}.Debug|x86.ActiveCfg = Debug|Win32
		{A54DDD66-1D77-437D-A420-5BF80FE1B7FB}.Debug|x86.Build.0 = Debug|Win32
		{A54DDD66-1D77-437D-A420-5BF80FE1B7FB}.Release|x64.ActiveCfg = Release|x64
		{A54DDD66-1D77-437D-A420-5BF80FE1B7FB}.Release|x64.Build.0 = Release|x64
		{A54DDD66-1D77-437D-A420-5BF80FE1B7FB}.Release|x86.ActiveCfg = Release|Win32
		{A54DDD66-1D77-437D-A420-5BF80FE1B7FB}.Release|x86.Build.0 = Release|Win32
		{20D1C3AA-7EAD-4290-A5DF-BA91041E3C35}.Debug|x64.ActiveCfg = Debug|x64
		{20D1C3AA-7EAD-4290-A5DF-BA91041E3C35}.Debug|x64.Build.0 = Debug|x64
		{20D1C3AA-7EAD-4290-A5DF-BA91041E3C35}.Debug|x86.ActiveCfg = Debug|Win32
		{20D1C3AA-7EAD-4290-A5DF-BA91041E3C35}.Debug|x86.Build.0 = Debug|Win32
		{20D1C3AA-7EAD-4290-A5DF-BA91041E3C35}.Release|x64.ActiveCfg = Release|x64
		{20D1C3AA-7EAD-4290-A5DF-BA91041E3C35}.Release|x64.Build.0 = Release|x64
		{20D1C3AA-7EAD-4290-A5DF-BA91041E3C35}.Release|x86.ActiveCfg = Release|Win32
		{20D1C3AA-7EAD-4290-A5DF-BA91041E3C35}.Release|x86.Build.0 = Release|Win32
		{CF6763B5-7C0B-43B1-A7EE-9D2D335C121B}.Debug|x64.ActiveCfg = Debug|x64
		{CF6763B5-7C0B-43B1-A7EE-9D2D335C121B}.Debug|x64.Build.0 = Debug|x64
		{CF6763B5-7C0B-43B1-A7EE-9D2D335C121B}.Debug|x86.ActiveCfg = Debug|Win32
		{CF6763B5-7C0B-43B1-A7EE-9D2D335C121B}.Debug|x86.Build.0 = Debug|Win32
		{CF6763B5-7C0B-43B1-A7EE-9D2D335C121B}.Release|x64.ActiveCfg = Release|x64
		{CF6763B5-7C0B-43B1-A7EE-9D2D335C121B}.Release|x64.Build.0 = Release|x64
		{CF6763B5-7C0B-43B1-A7EE-9D2D335C121B}.Release|x86.ActiveCfg = Release|Win32
		{CF6763B5-7C0B-43B1-A7EE-9D2D335C121B}.Release|x86.Build.0 = Release|Win32
		{B1A2B279-CD1A-43C9-9FB4-BA49524D209C}.Debug|x64.ActiveCfg = Debug|x64
		{B1A2B279-CD1A-43C9-9FB4-BA49524D209C}.Debug|x64.Build.0 = Debug|x64
		{B1A2B279-CD1A-43C9-9FB4-BA49524D209C}.Debug|x86.ActiveCfg = Debug|Win32
		{B1A2B279-CD1A-43C9-9FB4-BA49524D209C}.Debug|x86.Build.0 = Debug|Win32
		{B1A2B279-CD1A-43C9-9FB4-BA49524D209C}.Release|x64.ActiveCfg = Release|x64
		{B1A2B279-CD1A-43C9-9FB4-BA49524D209C}.Release|x64.Build.0 = Release|x64
		{B1A2B279-CD1A-43C9-9FB4-BA49524D209C}.Release|x86.ActiveCfg = Release|Win32
		{B1A2B279-CD1A-43C9-9FB4-BA49524D209C}.Release|x86.Build.0 = Release|Win32
		{ABBC2D90-F3F8-4CC8-B7B8-17360674C3CC}.Debug|x64.ActiveCfg = Debug|x64
		{ABBC2D90-F3F8-4CC8-B7B8-17360674C3CC}.Debug|x64.Build.0 = Debug|x64
		{ABBC2D90-F3F8-4CC8-B7B8-17360674C3CC}.Debug|x86.ActiveCfg = Debug|Win32
		{ABBC2D90-F3F8-4CC8-B7B8-17360674C3CC}.Debug|x86.Build.0 = Debug|Win32
		{ABBC2D90-F3F8-4CC8-B7B8-17360674C3CC}.Release|x64.ActiveCfg = Release|x64
		{ABBC2D90-F3F8-4CC8-B7B8-17360674C3CC}.Release|x64.Build.0 = Release|x64
		{ABBC2D90-F3F8-4CC8-B7B8-17360674C3CC}.Release|x86.ActiveCfg = Release|Win32
		{ABBC2D90-F3F8-4CC8-B7B8-17360674C3CC}.Release|x86.Build.0 = Release|Win32
		{32CFC8C3-DDE3-40C6-90B8-8A0AD9C279A8}.Debug|x64.ActiveCfg = Debug|x64
		{32CFC8C3-DDE3-40C6-90B8-8A0AD9C279A8}.Debug|x64.Build.0 = Debug|x64
		{32CFC8C3-DDE3-40C6-90B8-8A0AD9C279A8}.Debug|x86.ActiveCfg = Debug|Win32
		{32CFC8C3-DDE3-40C6-90B8-8A0AD9C279A8}.Debug|x86.Build.0 = Debug|Win32
		{32CFC8C3-DDE3-40C6-90B8-8A0AD9C279A8}.Release|x64.ActiveCfg = Release|x64
		{32CFC8C3-DDE3-40C6-90B8-8A0AD9C279A8}.Release|x64.Build.0 = Release|x64
		{32CFC8C3-DDE3-40C6-90B8-8A0AD9C279A8}.Release|x86.ActiveCfg = Release|Win32
		{32CFC8C3-DDE3-40C6-90B8-8A0AD9C279A8}.Release|x86.Build.0 = Release|Win32
		{4CF6D6E0-6CC9-4E8D-8423-1D4937E9C2EF}.Debug|x64.ActiveCfg = Debug|x64
		{4CF6D6E0-6CC9-4E8D-8423-1D4937E9C2EF}.Debug|x64.Build.0 = Debug|x64
		{4CF6D6E0-6CC9-4E8D-8423-1D4937E9C2EF}.Debug|x86.ActiveCfg = Debug|Win32
		{4CF6D6E0-6CC9-4E8D-8423-1D4937E9C2EF}.Debug|x86.Build.0 = Debug|Win32
		{4CF6D6E0-6CC9-4E8D-8423-1D4937E9C2EF}.Release|x64.ActiveCfg = Release|x64
		{4CF6D6E0-6CC9-4E8D-8423-1D4937E9C2EF}.Release|x64.Build.0 = Release|x64
		{4CF6D6E0-6CC9-4E8D-8423-1D4937E9C2EF}.Release|x86.ActiveCfg = Release|Win32
		{4CF6D6E0-6CC9-4E8D-8423-1D4937E9C2EF}.Release|x86.Build.0 = Release|Win32
		{E502AE6B-5979-4454-A163-8C8C278A7BB1}.Debug|x64.ActiveCfg = Debug|x64
		{E502AE6B-5979-4454-A163-8C8C278A7BB1}.Debug|x64.Build.0 = Debug|x64
		{E502AE6B-5979-4454-A163-8C8C278A7BB1}.Debug|x86.ActiveCfg = Debug|Win32
		{E502AE6B-5979-4454-A163-8C8C278A7BB1}.Debug|x86.Build.0 = Debug|Win32
		{E502AE6B-5979-4454-A163-8C8C278A7BB1}.Release|x64.ActiveCfg = Release|x64
		{E502AE6B-5979-4454-A163-8C8C278A7BB1}.Release|x64.Build.0 = Release|x64
		{E502AE6B-5979-4454-A163-8C8C278A7BB1}.Release|x86.ActiveCfg = Release|Win32
		{E502AE6B-5979-4454-A163-8C8C278A7BB1}.Release|x86.Build.0 = Release|Win32
		{85FB4008-6BB9-401C-9502-78DA2E2C51D5}.Debug|x64.ActiveCfg = Debug|x64
		{85FB4008-6BB9-401C-9502-78DA2E2C51D5}.Debug|x64.Build.0 = Debug|x64
		{85FB4008-6BB9-401C-9502-78DA2E2C51D5}.Debug|x86.ActiveCfg = Debug|Win32
		{85FB4008-6BB9-401C-9502-78DA2E2C51D5}.Debug|x86.Build.0 = Debug|Win32
		{85FB4008-6BB9-401C-9502-78DA2E2C51D5}.Release|x64.ActiveCfg = Release|x64
		{85FB4008-6BB9-401C-9502-78DA2E2C51D5}.Release|x64.Build.0 = Release|x64
		{85FB4008-6BB9-401C-9502-78DA2E2C51D5}.Release|x86.ActiveCfg = Release|Win32
		{85FB4008-6BB9-401C-9502-78DA2E2C51D5}.Release|x86.Build.0 = Release|Win32
		{7E253795-8C92-49EB-B67B-C55E6118E706}.Debug|x64.ActiveCfg = Debug|x64
		{7E253795-8C92-49EB-B67B-C55E6118E706}.Debug|x64.Build.0 = Debug|x64
		{7E253795-8C92-49EB-B67B-C55E6118E706}.Debug|x86.ActiveCfg = Debug|Win32
		{7E253795-8C92-49EB-B67B-C55E6118E706}.Debug|x86.Build.0 = Debug|Win32
		{7E253795-8C92-49EB-B67B-C55E6118E706}.Release|x64.ActiveCfg = Release|x64
		{7E253795-8C92-49EB-B67B-C55E6118E706}.Release|x64.Build.0 = Release|x64
		{7E253795-8C92-49EB-B67B-C55E6118E706}.Release|x86.ActiveCfg = Release|Win32
		{7E253795-8C92-49EB-B67B-C55E6118E706}.Release|x86.Build.0 = Release|Win32
		{5F17CE10-551D-42DE-A3BC-366D7840B50E}.Debug|x64.ActiveCfg = Debug|x64
		{5F17CE10-551D-42DE-A3BC-366D7840B50E}.Debug|x64.Build.0 = Debug|x64
		{5F17CE10-551D-42DE-A3BC-366D7840B50E}.Debug|x86.ActiveCfg = Debug|Win32
		{5F17CE10-551D-42DE-A3BC-366D7840B50E}.Debug|x86.Build.0 = Debug|Win32
		{5F17CE10-551D-42DE-A3BC-366D7840B50E}.Release|x64.ActiveCfg = Release|x64
		{5F17CE10-551D-42DE-A3BC-366D7840B50E}.Release|x64.Build.0 = Release|x64
		{5F17CE10-551D-42DE-A3BC-366D7840B50E}.Release|x86.ActiveCfg = Release|Win32
		{5F17CE10-551D-42DE-A3BC-366D7840B50E}.Release|x86.Build.0 = Release|Win32
		{F5A11A9B-794B-4A9D-BD1D-50D1BCF79550}.Debug|x64.ActiveCfg = Debug|x64
		{F5A11A9B-794B-4A9D-BD1D-50D1BCF79550}.Debug|x64.Build.0 = Debug|x64
		{F5A11A9B-794B-4A9D-BD1D-50D1BCF79550}.Debug|x86.ActiveCfg = Debug|Win32
		{F5A11A9B-794B-4A9D-BD1D-50D1BCF79550}.Debug|x86.Build.0 = Debug|Win32
		{F5A11A9B-794B-4A9D-BD1D-50D1BCF79550}.Release|x64.ActiveCfg = Release|x64
		{F5A11A9B-794B-4A9D-BD1D-50D1BCF79550}.Release|x64.Build.0 = Release|x64
		{F5A11A9B-794B-4A9D-BD1D-50D1BCF79550}.Release|x86.ActiveCfg = Release|Win32
		{F5A11A9B-794B-4A9D-BD1D-50D1BCF79550}.Release|x86.Build.0 = Release|Win32
		{C5E154D7-BC97-4945-B1DE-B68D574464C0}.Debug|x64.ActiveCfg = Debug|x64
		{C5E154D7-BC97-4945-B1DE-B68D574464C0}.Debug|x64.Build.0 = Debug|x64
		{C5E154D7-BC97-4945-B1DE-B68D574464C0}.Debug|x86.ActiveCfg = Debug|Win32
		{C5E154D7-BC97-4945-B1DE-B68D574464C0}.Debug|x86.Build.0 = Debug|Win32
		{C5E154D7-BC97-4945-B1DE-B68D574464C0}.Release|x64.ActiveCfg = Release|x64
		{C5E154D7-BC97-4945-B1DE-B68D574464C0}.Release|x64.Build.0 = Release|x64
		{C5E154D7-BC97-4945-B1DE-B68D574464C0}.Release|x86.ActiveCfg = Release|Win32
		{C5E154D7-BC97-4945-B1DE-B68D574464C0}.Release|x86.Build.0 = Release|Win32
		{31BC3393-3C9C-4B56-827A-CE0104B699D5}.Debug|x64.ActiveCfg = Debug|x64
		{31BC3393-3C9C-4B56-827A-CE0104B699D5}.Debug|x64.Build.0 = Debug|x64
		{31BC3393-3C9C-4B56-827A-CE0104B699D5}.Debug|x86.ActiveCfg = Debug|Win32
		{31BC3393-3C9C-4B56-827A-CE0104B699D5}.Debug|x86.Build.0 = Debug|Win32
		{31BC3393-3C9C-4B56-827A-CE0104B699D5}.Release|x64.ActiveCfg = Release|x64
		{31BC3393-3C9C-4B56-827A-CE0104B699D5}.Release|x64.Build.0 = Release|x64
		{31BC3393-3C9C-4B56-827A-CE0104B699D5}.Release|x86.ActiveCfg = Release|Win32
		{31BC3393-3C9C-4B56-827A-CE0104B699D5}.Release|x86.Build.0 = Release|Win32
		{7C5C3C0A-2F9D-4B1A-99DA-3A5DBB82E5AD}.Debug|x64.ActiveCfg = Debug|x64
		{7C5C3C0A-2F9D-4B1A-99DA-3A5DBB82E5AD}.Debug|x64.Build.0 = Debug|x64
		{7C5C3C0A-2F9D-4B1A-99DA-3A5DBB82E5AD}.Debug|x86.ActiveCfg = Debug|Win32
		{7C5C3C0A-2F9D-4B1A-99DA-3A5DBB82E5AD}.Debug|x86.Build.0 = Debug|Win32
		{7C5C3C0A-2F9D-4B1A-99DA-3A5DBB82E5AD}.Release|x64.ActiveCfg = Release|x64
		{7C5C3C0A-2F9D-4B1A-99DA-3A5DBB82E5AD}.Release|x64.Build.0 = Release|x64
		{7C5C3C0A-2F9D-4B1A-99DA-3A5DBB82E5AD}.Release|x86.ActiveCfg = Release|Win32
		{7C5C3C0A-2F9D-4B1A-99DA-3A5DBB82E5AD}.Release|x86.Build.0 = Release|Win32
		{804F6808-B889-49B7-83A4-3B2AEF6C9207}.Debug|x64.ActiveCfg = Debug|x64
		{804F6808-B889-49B7-83A4-3B2AEF6C9207}.Debug|x64.Build.0 = Debug|x64
		{804F6808-B889-49B7-83A4-3B2AEF6C9207}.Debug|x86.ActiveCfg = Debug|Win32
		{804F6808-B889-49B7-83A4-3B2AEF6C9207}.Debug|x86.Build.0 = Debug|Win32
		{804F6808-B889-49B7-83A4-3B2AEF6C9207}.Release|x64.ActiveCfg = Release|x64
		{804F6808-B889-49B7-83A4-3B2AEF6C9207}.Release|x64.Build.0 = Release|x64
		{804F6808-B889-49B7-83A4-3B2AEF6C9207}.Release|x86.ActiveCfg = Release|Win32
		{804F6808-B889-49B7-83A4-3B2AEF6C9207}.Release|x86.Build.0 = Release|Win32
		{FC814034-506D-4A78-A90C-CD57B512152E}.Debug|x64.ActiveCfg = Debug|x64
		{FC814034-506D-4A78-A90C-CD57B512152E}.Debug|x64.Build.0 = Debug|x64
		{FC814034-506D-4A78-A90C-CD57B512152E}.Debug|x86.ActiveCfg = Debug|Win32
		{FC814034-506D-4A78-A90C-CD57B512152E}.Debug|x86.Build.0 = Debug|Win32
		{FC814034-506D-4A78-A90C-CD57B512152E}.Release|x64.ActiveCfg = Release|x64
		{FC814034-506D-4A78-A90C-CD57B512152E}.Release|x64.Build.0 = Release|x64
		{FC814034-506D-4A78-A90C-CD57B512152E}.Release|x86.ActiveCfg = Release|Win32
		{FC814034-506D-4A78-A90C-CD57B512152E}.Release|x86.Build.0 = Release|Win32
		{90485C74-F58D-488F-AE69-CF46F9B6AB4F}.Debug|x64.ActiveCfg = Debug|x64
		{90485C74-F58D-488F-AE69-CF46F9B6AB4F}.Debug|x64.Build.0 = Debug|x64
		{90485C74-F58D-488F-AE69-CF46F9B6AB4F}.Debug|x86.ActiveCfg = Debug|Win32
		{90485C74-F58D-488F-AE69-CF46F9B6AB4F}.Debug|x86.Build.0 = Debug|Win32
		{90485C74-F58D-488F-AE69-CF46F9B6AB4F}.Release|x64.ActiveCfg = Release|x64
		{90485C74-F58D-488F-AE69-CF46F9B6AB4F}.Release|x64.Build.0 = Release|x64
		{90485C74-F58D-488F-AE69-CF46F9B6AB4F}.Release|x86.ActiveCfg = Release|Win32
		{90485C74-F58D-488F-AE69-CF46F9B6AB4F}.Release|x86.Build.0 = Release|Win32
		{75CD83C8-7D56-4CAD-A77F-328B3AB23336}.Debug|x64.ActiveCfg = Debug|x64
		{75CD83C8-7D56-4CAD-A77F-328B3AB23336}.Debug|x64.Build.0 = Debug|x64
		{75CD83C8-7D56-4CAD-A77F-328B3AB23336}.Debug|x86.ActiveCfg = Debug|Win32
		{75CD83C8-7D56-4CAD-A77F-328B3AB23336}.Debug|x86.Build.0 = Debug|Win32
		{75CD83C8-7D56-4CAD-A77F-328B3AB23336}.Release|x64.ActiveCfg = Release|x64
		{75CD83C8-7D56-4CAD-A77F-328B3AB23336}.Release|x64.Build.0 = Release|x64
		{75CD83C8-7D56-4CAD-A77F-328B3AB23336}.Release|x86.ActiveCfg = Release|Win32
		{75CD83C8-7D56-4CAD-A77F-328B3AB23336}.Release|x86.Build.0 = Release|Win32
		{C200ACEB-5662-4136-9F60-26741FB7D034}.Debug|x64.ActiveCfg = Debug|x64
		{C200ACEB-5662-4136-9F60-26741FB7D034}.Debug|x64.Build.0 = Debug|x64
		{C200ACEB-5662-4136-9F60-26741FB7D034}.Debug|x86.ActiveCfg = Debug|Win32
		{C200ACEB-5662-4136-9F60-26741FB7D034}.Debug|x86.Build.0 = Debug|Win32
		{C200ACEB-5662-4136-9F60-26741FB7D034}.Release|x64.ActiveCfg = Release|x64
		{C200ACEB-5662-4136-9F60-26741FB7D034}.Release|x64.Build.0 = Release|x64
		{C200ACEB-5662-4136-9F60-26741FB7D034}.Release|x86.ActiveCfg = Release|Win32
		{C200ACEB-5662-4136-9F60-26741FB7D034}.Release|x86.Build.0 = Release|Win32
		{810274AD-DF0C-4589-8446-CDF2E5B34E71}.Debug|x64.ActiveCfg = Debug|x64
		{810274AD-DF0C-4589-8446-CDF2E5B34E71}.Debug|x64.Build.0 = Debug|x64
		{810274AD-DF0C-4589-8446-CDF2E5B34E71}.Debug|x86.ActiveCfg = Debug|Win32
		{810274AD-DF0C-4589-8446-CDF2E5B34E71}.Debug|x86.Build.0 = Debug|Win32
		{810274AD-DF0C-4589-8446-CDF2E5B34E71}.Release|x64.ActiveCfg = Release|x64
		{810274AD-DF0C-4589-8446-CDF2E5B34E71}.Release|x64.Build.0 = Release|x64
		{810274AD-DF0C-4589-8446-CDF2E5B34E71}.Release|x86.ActiveCfg = Release|Win32
		{810274AD-DF0C-4589-8446-CDF2E5B34E71}.Release|x86.Build.0 = Release|Win32
		{99C8241B-A7FF-4AE8-B2CF-EB7DC42D6456}.Debug|x64.ActiveCfg = Debug|x64
		{99C8241B-A7FF-4AE8-B2CF-EB7DC42D6456}.Debug|x64.Build.0 = Debug|x64
		{99C8241B-A7FF-4AE8-B2CF-EB7DC42D6456}.Debug|x86.ActiveCfg = Debug|Win32
		{99C8241B-A7FF-4AE8-B2CF-EB7DC42D6456}.Debug|x86.Build.0 = Debug|Win32
		{99C8241B-A7FF-4AE8-B2CF-EB7DC42D6456}.Release|x64.ActiveCfg = Release|x64
		{99C8241B-A7FF-4AE8-B2CF-EB7DC42D6456}.Release|x64.Build.0 = Release|x64
		{99C8241B-A7FF-4AE8-B2CF-EB7DC42D6456}.Release|x86.ActiveCfg = Release|Win32
		{99C8241B-A7FF-4AE8-B2CF-EB7DC42D6456}.Release|x86.Build.0 = Release|Win32
		{E4BCD5B8-907F-435C-9AEF-58FFC2A2BD34}.Debug|x64.ActiveCfg = Debug|x64
		{E4BCD5B8-907F-435C-9AEF-58FFC2A2BD34}.Debug|x64.Build.0 = Debug|x64
		{E4BCD5B8-907F-435C-9AEF-58FFC2A2BD34}.Debug|x86.ActiveCfg = Debug|Win32
		{E4BCD5B8-907F-435C-9AEF-58FFC2A2BD34}.Debug|x86.Build.0 = Debug|Win32
		{E4BCD5B8-907F-435C-9AEF-58FFC2A2BD34}.Release|x64.ActiveCfg = Release|x64
		{E4BCD5B8-907F-435C-9AEF-58FFC2A2BD34}.Release|x64.Build.0 = Release|x64
		{E4BCD5B8-907F-435C-9AEF-58FFC2A2BD34}.Release|x86.ActiveCfg = Release|Win32
		{E4BCD5B8-907F-435C-9AEF-58FFC2A2BD34}.Release|x86.Build.0 = Release|Win32
		{82F9AD8F-23E0-4528-8727-2B014977DD39}.Debug|x64.ActiveCfg = Debug|x64
		{82F9AD8F-23E0-4528-8727-2B014977DD39}.Debug|x64.Build.0 = Debug|x64
		{82F9AD8F-23E0-4528-8727-2B014977DD39}.Debug|x86.ActiveCfg = Debug|Win32
		{82F9AD8F-23E0-4528-8727-2B014977DD39}.Debug|x86.Build.0 = Debug|Win32
		{82F9AD8F-23E0-4528-8727-2B014977DD39}.Release|x64.ActiveCfg = Release|x64
		{82F9AD8F-23E0-4528-8727-2B014977DD39}.Release|x64.Build.0 = Release|x64
		{82F9AD8F-23E0-4528-8727-2B014977DD39}.Release|x86.ActiveCfg = Release|Win32
		{82F9AD8F-23E0-4528-8727-2B014977DD39}.Release|x86.Build.0 = Release|Win32
		{CC60BCE7-4227-43BA-B57E-A3BF3748A940}.Debug|x64.ActiveCfg = Debug|x64
		{CC60BCE7-4227-43BA-B57E-A3BF3748A940}.Debug|x64.Build.0 = Debug|x64
		{CC60BCE7-4227-43BA-B57E-A3BF3748A940}.Debug|x86.ActiveCfg = Debug|Win32
		{CC60BCE7-4227-43BA-B57E-A3BF3748A940}.Debug|x86.Build.0 = Debug|Win32
		{CC60BCE7-4227-43BA-B57E-A3BF3748A940}.Release|x64.ActiveCfg = Release|x64
		{CC60BCE7-4227-43BA-B57E-A3BF3748A940}.Release|x64.Build.0 = Release|x64
		{CC60BCE7-4227-43BA-B57E-A3BF3748A940}.Release|x86.ActiveCfg = Release|Win32
		{CC60BCE7-4227-43BA-B57E-A3BF3748A940}.Release|x86.Build.0 = Release|Win32
		{6D3501E6-AA95-414A-915C-C41587F1A331}.Debug|x64.ActiveCfg = Debug|x64
		{6D3501E6-AA95-414A-915C-C41587F1A331}.Debug|x64.Build.0 = Debug|x64
		{6D3501E6-AA95-414A-915C-C41587F1A331}.Debug|x86.ActiveCfg = Debug|Win32
		{6D3501E6-AA95-414A-915C-C41587F1A331}.Debug|x86.Build.0 = Debug|Win32
		{6D3501E6-AA95-414A-915C-C41587F1A331}.Release|x64.ActiveCfg = Release|x64
		{6D3501E6-AA95-414A-915C-C41587F1A331}.Release|x64.Build.0 = Release|x64
		{6D3501E6-AA95-414A-915C-C41587F1A331}.Release|x86.ActiveCfg = Release|Win32
		{6D3501E6-AA95-414A-915C-C41587F1A331}.Release|x86.Build.0 = Release|Win32
		{67B68EF2-295A-423F-8953-06E790217325}.Debug|x64.ActiveCfg = Debug|x64
		{67B68EF2-295A-423F-8953-06E790217325}.Debug|x64.Build.0 = Debug|x64
		{67B68EF2-295A-423F-8953-06E790217325}.Debug|x86.ActiveCfg = Debug|Win32
		{67B68EF2-295A-423F-8953-06E790217325}.Debug|x86.Build.0 = Debug|Win32
		{67B68EF2-295A-423F-8953-06E790217325}.Release|x64.ActiveCfg = Release|x64
		{67B68EF2-295A-423F-8953-06E790217325}.Release|x64.Build.0 = Release|x64
		{67B68EF2-295A-423F-8953-06E790217325}.Release|x86.ActiveCfg = Release|Win32
		{67B68EF2-295A-423F-8953-06E790217325}.Release|x86.Build.0 = Release|Win32
		{10347E0B-0C7F-479D-A0E9-3DE43FCB6089}.Debug|x64.ActiveCfg = Debug|x64
		{10347E0B-0C7F-479D-A0E9-3DE43FCB6089}.Debug|x64.Build.0 = Debug|x64
		{10347E0B-0C7F-479D-A0E9-3DE43FCB6089}.Debug|x86.ActiveCfg = Debug|Win32
		{10347E0B-0C7F-479D-A0E9-3DE43FCB6089}.Debug|x86.Build.0 = Debug|Win32
		{10347E0B-0C7F-479D-A0E9-3DE43FCB6089}.Release|x64.ActiveCfg = Release|x64
		{10347E0B-0C7F-479D-A0E9-3DE43FCB6089}.Release|x64.Build.0 = Release|x64
		{10347E0B-0C7F-479D-A0E9-3DE43FCB6089}.Release|x86.ActiveCfg = Release|Win32
		{10347E0B-0C7F-479D-A0E9-3DE43FCB6089}.Release|x86.Build.0 = Release|Win32
		{27D23900-7DB8-4BFD-9DB8-026DA178893B}.Debug|x64.ActiveCfg = Debug|x64
		{27D23900-7DB8-4BFD-9DB8-026DA178893B}.Debug|x64.Build.0 = Debug|x64
		{27D23900-7DB8-4BFD-9DB8-026DA178893B}.Debug|x86.ActiveCfg = Debug|Win32
		{27D23900-7DB8-4BFD-9DB8-026DA178893B}.Debug|x86.Build.0 = Debug|Win32
		{27D23900-7DB8-4BFD-9DB8-026DA178893B}.Release|x64.ActiveCfg = Release|x64
		{27D23900-7DB8-4BFD-9DB8-026DA178893B}.Release|x64.Build.0 = Release|x64
		{27D23900-7DB8-4BFD-9DB8-026DA178893B}.Release|x86.ActiveCfg = Release|Win32
		{27D23900-7DB8-4BFD-9DB8-026DA178893B}.Release|x86.Build.0 = Release|Win32
		{941A78A2-6D46-4766-946E-2487C5F5C069}.Debug|x64.ActiveCfg = Debug|x64
		{941A78A2-6D46-4766-946E-2487C5F5C069}.Debug|x64.Build.0 = Debug|x64
		{941A78A2-6D46-4766-946E-2487C5F5C069}.Debug|x86.ActiveCfg = Debug|Win32
		{941A78A2-6D46-4766-946E-2487C5F5C069}.Debug|x86.Build.0 = Debug|Win32
		{941A78A2-6D46-4766-946E-2487C5F5C069}.Release|x64.ActiveCfg = Release|x64
		{941A78A2-6D46-4766-946E-2487C5F5C069}.Release|x64.Build.0 = Release|x64
		{941A78A2-6D46-4766-946E-2487C5F5C069}.Release|x86.ActiveCfg = Release|Win32
		{941A78A2-6D46-4766-946E-2487C5F5C069}.Release|x86.Build.0 = Release|Win32
		{C83FF0EB-9AC8-4DD7-9D43-5FD9DBF35DAA}.Debug|x64.ActiveCfg = Debug|x64
		{C83FF0EB-9AC8-4DD7-9D43-5FD9DBF35DAA}.Debug|x64.Build.0 = Debug|x64
		{C83FF0EB-9AC8-4DD7-9D43-5FD9DBF35DAA}.Debug|x86.ActiveCfg = Debug|Win32
		{C83FF0EB-9AC8-4DD7-9D43-5FD9DBF35DAA}.Debug|x86.Build.0 = Debug|Win32
		{C83FF0EB-9AC8-4DD7-9D43-5FD9DBF35DAA}.Release|x64.ActiveCfg = Release|x64
		{C83FF0EB-9AC8-4DD7-9D43-5FD9DBF35DAA}.Release|x64.Build.0 = Release|x64
		{C83FF0EB-9AC8-4DD7-9D43-5FD9DBF35DAA}.Release|x86.ActiveCfg = Release|Win32
		{C83FF0EB-9AC8-4DD7-9D43-5FD9DBF35DAA}.Release|x86.Build.0 = Release|Win32
		{7CE77034-59BD-4108-B711-8A32E2C3A397}.Debug|x64.ActiveCfg = Debug|x64
		{7CE77034-59BD-4108-B711-8A32E2C3A397}.Debug|x64.Build.0 = Debug|x64
		{7CE77034-59BD-4108-B711-8A32E2C3A397}.Debug|x86.ActiveCfg = Debug|Win32
		{7CE77034-59BD-4108-B711-8A32E2C3A397}.Debug|x86.Build.0 = Debug|Win32
		{7CE77034-59BD-4108-B711-8A32E2C3A397}.Release|x64.ActiveCfg = Release|x64
		{7CE77034-59BD-4108-B711-8A32E2C3A397}.Release|x64.Build.0 = Release|x64
		{7CE77034-59BD-4108-B711-8A32E2C3A397}.Release|x86.ActiveCfg = Release|Win32
		{7CE77034-59BD-4108-B711-8A32E2C3A397}.Release|x86.Build.0 = Release|Win32
		{BD28E0B6-F579-4B0C-957A-241CB5F732EA}.Debug|x64.ActiveCfg = Debug|x64
		{BD28E0B6-F579-4B0C-957A-241CB5F732EA}.Debug|x64.Build.0 = Debug|x64
		{BD28E0B6-F579-4B0C-957A-241CB5F732EA}.Debug|x86.ActiveCfg = Debug|Win32
		{BD28E0B6-F579-4B0C-957A-241CB5F732EA}.Debug|x86.Build.0 = Debug|Win32
		{BD28E0B6-F579-4B0C-957A-241CB5F732EA}.Release|x64.ActiveCfg = Release|x64
		{BD28E0B6-F579-4B0C-957A-241CB5F732EA}.Release|x64.Build.0 = Release|x64
		{BD28E0B6-F579-4B0C-957A-241CB5F732EA}.Release|x86.ActiveCfg = Release|Win32
		{BD28E0B6-F579-4B0C-957A-241CB5F732EA}.Release|x86.Build.0 = Release|Win32
		{1F3AC826-5B4B-46E6-825B-E8F0C2108CA9}.Debug|x64.ActiveCfg = Debug|x64
		{1F3AC826-5B4B-46E6-825B-E8F0C2108CA9}.Debug|x64.Build.0 = Debug|x64
		{1F3AC826-5B4B-46E6-825B-E8F0C2108CA9}.Debug|x86.ActiveCfg = Debug|Win32
		{1F3AC826-5B4B-46E6-825B-E8F0C2108CA9}.Debug|x86.Build.0 = Debug|Win32
		{1F3AC826-5B4B-46E6-825B-E8F0C2108CA9}.Release|x64.ActiveCfg = Release|x64
		{1F3AC826-5B4B-46E6-825B-E8F0C2108CA9}.Release|x64.Build.0 = Release|x64
		{1F3AC826-5B4B-46E6-825B-E8F0C2108CA9}.Release|x86.ActiveCfg = Release|Win32
		{1F3AC826-5B4B-46E6-825B-E8F0C2108CA9}.Release|x86.Build.0 = Release|Win32
		{33FD7EF7-896E-4D4C-AA40-03BD846EB616}.Debug|x64.ActiveCfg = Debug|x64
		{33FD7EF7-896E-4D4C-AA40-03BD846EB616}.Debug|x64.Build.0 = Debug|x64
		{33FD7EF7-896E-4D4C-AA40-03BD846EB616}.Debug|x86.ActiveCfg = Debug|Win32
		{33FD7EF7-896E-4D4C-AA40-03BD846EB616}.Debug|x86.Build.0 = Debug|Win32
		{33FD7EF7-896E-4D4C-AA40-03BD846EB616}.Release|x64.ActiveCfg = Release|x64
		{33FD7EF7-896E-4D4C-AA40-03BD846EB616}.Release|x64.Build.0 = Release|x64
		{33FD7EF7-896E-4D4C-AA40-03BD846EB616}.Release|x86.ActiveCfg = Release|Win32
		{33FD7EF7-896E-4D4C-AA40-03BD846EB616}.Release|x86.Build.0 = Release|Win32
		{86AD0F99-9038-4DEC-95F0-3FC4A4FEFCA8}.Debug|x64.ActiveCfg = Debug|x64
		{86AD0F99-9038-4DEC-95F0-3FC4A4FEFCA8}.Debug|x64.Build.0 = Debug|x64
		{86AD0F99-9038-4DEC-95F0-3FC4A4FEFCA8}.Debug|x86.ActiveCfg = Debug|Win32
		{86AD0F99-9038-4DEC-95F0-3FC4A4FEFCA8}.Debug|x86.Build.0 = Debug|Win32
		{86AD0F99-9038-4DEC-95F0-3FC4A4FEFCA8}.Release|x64.ActiveCfg = Release|x64
		{86AD0F99-9038-4DEC-95F0-3FC4A4FEFCA8}.Release|x64.Build.0 = Release|x64
		{86AD0F99-9038-4DEC-95F0-3FC4A4FEFCA8}.Release|x86.ActiveCfg = Release|Win32
		{86AD0F99-9038-4DEC-95F0-3FC4A4FEFCA8}.Release|x86.Build.0 = Release|Win32
		{93D5D471-0B33-4285-A291-4926AE36EFCA}.Debug|x64.ActiveCfg = Debug|x64
		{93D5D471-0B33-4285-A291-4926AE36EFCA}.Debug|x64.Build.0 = Debug|x64
		{93D5D471-0B33-4285-A291-4926AE36EFCA}.Debug|x86.ActiveCfg = Debug|Win32
		{93D5D471-0B33-4285-A291-4926AE36EFCA}.Debug|x86.Build.0 = Debug|Win32
		{93D5D471-0B33-4285-A291-4926AE36EFCA}.Release|x64.ActiveCfg = Release|x64
		{93D5D471-0B33-4285-A291-4926AE36EFCA}.Release|x64.Build.0 = Release|x64
		{93D5D471-0B33-4285-A291-4926AE36EFCA}.Release|x86.ActiveCfg = Release|Win32
		{93D5D471-0B33-4285-A291-4926AE36EFCA}.Release|x86.Build.0 = Release|Win32
		{5893E5FE-BD58-4B6F-A415-B97854F98C13}.Debug|x64.ActiveCfg = Debug|x64
		{5893E5FE-BD58-4B6F-A415-B97854F98C13}.Debug|x64.Build.0 = Debug|x64
		{5893E5FE-BD58-4B6F-A415-B97854F98C13}.Debug|x86.ActiveCfg = Debug|Win32
		{5893E5FE-BD58-4B6F-A415-B97854F98C13}.Debug|x86.Build.0 = Debug|Win32
		{5893E5FE-BD58-4B6F-A415-B97854F98C13}.Release|x64.ActiveCfg = Release|x64
		{5893E5FE-BD58-4B6F-A415-B97854F98C13}.Release|x64.Build.0 = Release|x64
		{5893E5FE-BD58-4B6F-A415-B97854F98C13}.Release|x86.ActiveCfg = Release|Win32
		{5893E5FE-BD58-4B6F-A415-B97854F98C13}.Release|x86.Build.0 = Release|Win32
		{781518F5-A3D4-444D-BA32-BE067C5ECD49}.Debug|x64.ActiveCfg = Debug|x64
		{781518F5-A3D4-444D-BA32-BE067C5ECD49}.Debug|x64.Build.0 = Debug|x64
		{781518F5-A3D4-444D-BA32-BE067C5ECD49}.Debug|x86.ActiveCfg = Debug|Win32
		{781518F5-A3D4-444D-BA32-BE067C5ECD49}.Debug|x86.Build.0 = Debug|Win32
		{781518F5-A3D4-444D-BA32-BE067C5ECD49}.Release|x64.ActiveCfg = Release|x64
		{781518F5-A3D4-444D-BA32-BE067C5ECD49}.Release|x64.Build.0 = Release|x64
		{781518F5-A3D4-444D-BA32-BE067C5ECD49}.Release|x86.ActiveCfg = Release|Win32
		{781518F5-A3D4-444D-BA32-BE067C5ECD49}.Release|x86.Build.0 = Release|Win32
		{51F250DB-5BB4-4F6B-8AD7-8D3AB42F7E77}.Debug|x64.ActiveCfg = Debug|x64
		{51F250DB-5BB4-4F6B-8AD7-8D3AB42F7E77}.Debug|x64.Build.0 = Debug|x64
		{51F250DB-5BB4-4F6B-8AD7-8D3AB42F7E77}.Debug|x86.ActiveCfg = Debug|Win32
		{51F250DB-5BB4-4F6B-8AD7-8D3AB42F7E77}.Debug|x86.Build.0 = Debug|Win32
		{51F250DB-5BB4-4F6B-8AD7-8D3AB42F7E77}.Release|x64.ActiveCfg = Release|x64
		{51F250DB-5BB4-4F6B-8AD7-8D3AB42F7E77}.Release|x64.Build.0 = Release|x64
		{51F250DB-5BB4-4F6B-8AD7-8D3AB42F7E77}.Release|x86.ActiveCfg = Release|Win32
		{51F250DB-5BB4-4F6B-8AD7-8D3AB42F7E77}.Release|x86.Build.0 = Release|Win32
		{DBE632D3-10C8-4E4A-8C5B-41EF26E1A466}.Debug|x64.ActiveCfg = Debug|x64
		{DBE632D3-10C8-4E4A-8C5B-41EF26E1A466}.Debug|x64.Build.0 = Debug|x64
		{DBE632D3-10C8-4E4A-8C5B-41EF26E1A466}.Debug|x86.ActiveCfg = Debug|Win32
		{DBE632D3-10C8-4E4A-8C5B-41EF26E1A466}.Debug|x86.Build.0 = Debug|Win32
		{DBE632D3-10C8-4E4A-8C5B-41EF26E1A466}.Release|x64.ActiveCfg = Release|x64
		{DBE632D3-10C8-4E4A-8C5B-41EF26E1A466}.Release|x64.Build.0 = Release|x64
		{DBE632D3-10C8-4E4A-8C5B-41EF26E1A466}.Release|x86.ActiveCfg = Release|Win32
		{DBE632D3-10C8-4E4A-8C5B-41EF26E1A466}.Release|x86.Build.0 = Release|Win32
		{33CADF36-DA4B-4551-B1BF-7E1D13EAD43A}.Debug|x64.ActiveCfg = Debug|x64
		{33CADF36-DA4B-4551-B1BF-7E1D13EAD43A}.Debug|x64.Build.0 = Debug|x64
		{33CADF36-DA4B-4551-B1BF-7E1D13EAD43A}.Debug|x86.ActiveCfg = Debug|Win32
		{33CADF36-DA4B-4551-B1BF-7E1D13EAD43A}.Debug|x86.Build.0 = Debug|Win32
		{33CADF36-DA4B-4551-B1BF-7E1D13EAD43A}.Release|x64.ActiveCfg = Release|x64
		{33CADF36-DA4B-4551-B1BF-7E1D13EAD43A}.Release|x64.Build.0 = Release|x64
		{33CADF36-DA4B-4551-B1BF-7E1D13EAD43A}.Release|x86.ActiveCfg = Release|Win32
		{33CADF36-DA4B-4551-B1BF-7E1D13EAD43A}.Release|x86.Build.0 = Release|Win32
		{0D417BF8-274A-42C7-BCB3-D06DC44FC929}.Debug|x64.ActiveCfg = Debug|x64
		{0D417BF8-274A-42C7-BCB3-D06DC44FC929}.Debug|x64.Build.0 = Debug|x64
		{0D417BF8-274A-42C7-BCB3-D06DC44FC929}.Debug|x86.ActiveCfg = Debug|Win32
		{0D417BF8-274A-42C7-BCB3-D06DC44FC929}.Debug|x86.Build.0 = Debug|Win32
		{0D417BF8-274A-42C7-BCB3-D06DC44FC929}.Release|x64.ActiveCfg = Release|x64
		{0D417BF8-274A-42C7-BCB3-D06DC44FC929}.Release|x64.Build.0 = Release|x64
		{0D417BF8-274A-42C7-BCB3-D06DC44FC929}.Release|x86.ActiveCfg = Release|Win32
		{0D417BF8-274A-42C7-BCB3-D06DC44FC929}.Release|x86.Build.0 = Release|Win32
		{94DAC799-5012-4420-8EA7-F1C5B1B45A4F}.Debug|x64.ActiveCfg = Debug|x64
		{94DAC799-5012-4420-8EA7-F1C5B1B45A4F}.Debug|x64.Build.0 = Debug|x64
		{94DAC799-5012-4420-8EA7-F1C5B1B45A4F}.Debug|x86.ActiveCfg = Debug|Win32
		{94DAC799-5012-4420-8EA7-F1C5B1B45A4F}.Debug|x86.Build.0 = Debug|Win32
		{94DAC799-5012-4420-8EA7-F1C5B1B45A4F}.Release|x64.ActiveCfg = Release|x64
		{94DAC799-5012-4420-8EA7-F1C5B1B45A4F}.Release|x64.Build.0 = Release|x64
		{94DAC799-5012-4420-8EA7-F1C5B1B45A4F}.Release|x86.ActiveCfg = Release|Win32
		{94DAC799-5012-4420-8EA7-F1C5B1B45A4F}.Release|x86.Build.0 = Release|Win32
		{F16E7920-53F5-40DE-B194-EC64D5214C32}.Debug|x64.ActiveCfg = Debug|x64
		{F16E7920-53F5-40DE-B194-EC64D5214C32}.Debug|x64.Build.0 = Debug|x64
		{F16E7920-53F5-40DE-B194-EC64D5214C32}.Debug|x86.ActiveCfg = Debug|Win32
		{F16E7920-53F5-40DE-B194-EC64D5214C32}.Debug|x86.Build.0 = Debug|Win32
		{F16E7920-53F5-40DE-B194-EC64D5214C32}.Release|x64.ActiveCfg = Release|x64
		{F16E7920-53F5-40DE-B194-EC64D5214C32}.Release|x64.Build.0 = Release|x64
		{F16E7920-53F5-40DE-B194-EC64D5214C32}.Release|x86.ActiveCfg = Release|Win32
		{F16E7920-53F5-40DE-B194-EC64D5214C32}.Release|x86.Build.0 = Release|Win32
		{AE9EEE9E-D620-4A1F-A376-68A969F4F6EC}.Debug|x64.ActiveCfg = Debug|x64
		{AE9EEE9E-D620-4A1F-A376-68A969F4F6EC}.Debug|x64.Build.0 = Debug|x64
		{AE9EEE9E-D620-4A1F-A376-68A969F4F6EC}.Debug|x86.ActiveCfg = Debug|Win32
		{AE9EEE9E-D620-4A1F-A376-68A969F4F6EC}.Debug|x86.Build.0 = Debug|Win32
		{AE9EEE9E-D620-4A1F-A376-68A969F4F6EC}.Release|x64.ActiveCfg = Release|x64
		{AE9EEE9E-D620-4A1F-A376-68A969F4F6EC}.Release|x64.Build.0 = Release|x64
		{AE9EEE9E-D620-4A1F-A376-68A969F4F6EC}.Release|x86.ActiveCfg = Release|Win32
		{AE9EEE9E-D620-4A1F-A376-68A969F4F6EC}.Release|x86.Build.0 = Release|Win32
		{7D545D4D-C21C-411C-BC36-FC29FC75ABDA}.Debug|x64.ActiveCfg = Debug|x64
		{7D545D4D-C21C-411C-BC36-FC29FC75ABDA}.Debug|x64.Build.0 = Debug|x64
		{7D545D4D-C21C-411C-BC36-FC29FC75ABDA}.Debug|x86.ActiveCfg = Debug|Win32
		{7D545D4D-C21C-411C-BC36-FC29FC75ABDA}.Debug|x86.Build.0 = Debug|Win32
		{7D545D4D-C21C-411C-BC36-FC29FC75ABDA}.Release|x64.ActiveCfg = Release|x64
		{7D545D4D-C21C-411C-BC36-FC29FC75ABDA}.Release|x64.Build.0 = Release|x64
		{7D545D4D-C21C-411C-BC36-FC29FC75ABDA}.Release|x86.ActiveCfg = Release|Win32
		{7D545D4D-C21C-411C-BC36-FC29FC75ABDA}.Release|x86.Build.0 = Release|Win32
		{8542EC47-1390-426D-8970-06EC98A1B63A}.Debug|x64.ActiveCfg = Debug|x64
		{8542EC47-1390-426D-8970-06EC98A1B63A}.Debug|x64.Build.0 = Debug|x64
		{8542EC47-1390-426D-8970-06EC98A1B63A}.Debug|x86.ActiveCfg = Debug|Win32
		{8542EC47-1390-426D-8970-06EC98A1B63A}.Debug|x86.Build.0 = Debug|Win32
		{8542EC47-1390-426D-8970-06EC98A1B63A}.Release|x64.ActiveCfg = Release|x64
		{8542EC47-1390-426D-8970-06EC98A1B63A}.Release|x64.Build.0 = Release|x64
		{8542EC47-1390-426D-8970-06EC98A1B63A}.Release|x86.ActiveCfg = Release|Win32
		{8542EC47-1390-426D-8970-06EC98A1B63A}.Release|x86.Build.0 = Release|Win32
		{247DC983-A885-4A55-9F47-51FCAA65CBCF}.Debug|x64.ActiveCfg = Debug|x64
		{247DC983-A885-4A55-9F47-51FCAA65CBCF}.Debug|x64.Build.0 = Debug|x64
		{247DC983-A885-4A55-9F47-51FCAA65CBCF}.Debug|x86.ActiveCfg = Debug|Win32
		{247DC983-A885-4A55-9F47-51FCAA65CBCF}.Debug|x86.Build.0 = Debug|Win32
		{247DC983-A885-4A55-9F47-51FCAA65CBCF}.Release|x64.ActiveCfg = Release|x64
		{247DC983-A885-4A55-9F47-51FCAA65CBCF}.Release|x64.Build.0 = Release|x64
		{247DC983-A885-4A55-9F47-51FCAA65CBCF}.Release|x86.ActiveCfg = Release|Win32
		{247DC983-A885-4A55-9F47-51FCAA65CBCF}.Release|x86.Build.0 = Release|Win32
		{A7C37503-1BCF-4546-AB28-8B9D3A4D9A93}.Debug|x64.ActiveCfg = Debug|x64
		{A7C37503-1BCF-4546-AB28-8B9D3A4D9A93}.Debug|x64.Build.0 = Debug|x64
		{A7C37503-1BCF-4546-AB28-8B9D3A4D9A93}.Debug|x86.ActiveCfg = Debug|Win32
		{A7C37503-1BCF-4546-AB28-8B9D3A4D9A93}.Debug|x86.Build.0 = Debug|Win32
		{A7C37503-1BCF-4546-AB28-8B9D3A4D9A93}.Release|x64.ActiveCfg = Release|x64
		{A7C37503-1BCF-4546-AB28-8B9D3A4D9A93}.Release|x64.Build.0 = Release|x64
		{A7C37503-1BCF-4546-AB28-8B9D3A4D9A93}.Release|x86.ActiveCfg = Release|Win32
		{A7C37503-1BCF-4546-AB28-8B9D3A4D9A93}.Release|x86.Build.0 = Release|Win32
		{7B3A51C7-F733-4260-937D-67223AE6BEAD}.Debug|x64.ActiveCfg = Debug|x64
		{7B3A51C7-F733-4260-937D-67223AE6BEAD}.Debug|x64.Build.0 = Debug|x64
		{7B3A51C7-F733-4260-937D-67223AE6BEAD}.Debug|x86.ActiveCfg = Debug|Win32
		{7B3A51C7-F733-4260-937D-67223AE6BEAD}.Debug|x86.Build.0 = Debug|Win32
		{7B3A51C7-F733-4260-937D-67223AE6BEAD}.Release|x64.ActiveCfg = Release|x64
		{7B3A51C7-F733-4260-937D-67223AE6BEAD}.Release|x64.Build.0 = Release|x64
		{7B3A51C7-F733-4260-937D-67223AE6BEAD}.Release|x86.ActiveCfg = Release|Win32
		{7B3A51C7-F733-4260-937D-67223AE6BEAD}.Release|x86.Build.0 = Release|Win32
		{42B59B93-8FCF-4D89-A932-DEDC0617F172}.Debug|x64.ActiveCfg = Debug|x64
		{42B59B93-8FCF-4D89-A932-DEDC0617F172}.Debug|x64.Build.0 = Debug|x64
		{42B59B93-8FCF-4D89-A932-DEDC0617F172}.Debug|x86.ActiveCfg = Debug|Win32
		{42B59B93-8FCF-4D89-A932-DEDC0617F172}.Debug|x86.Build.0 = Debug|Win32
		{42B59B93-8FCF-4D89-A932-DEDC0617F172}.Release|x64.ActiveCfg = Release|x64
		{42B59B93-8FCF-4D89-A932-DEDC0617F172}.Release|x64.Build.0 = Release|x64
		{42B59B93-8FCF-4D89-A932-DEDC0617F172}.Release|x86.ActiveCfg = Release|Win32
		{42B59B93-8FCF-4D89-A932-DEDC0617F172}.Release|x86.Build.0 = Release|Win32
		{C3045EBA-3C0E-4B12-9790-DEE16A9B67FD}.Debug|x64.ActiveCfg = Debug|x64
		{C3045EBA-3C0E-4B12-9790-DEE16A9B67FD}.Debug|x64.Build.0 = Debug|x64
		{C3045EBA-3C0E-4B12-9790-DEE16A9B67FD}.Debug|x86.ActiveCfg = Debug|Win32
		{C3045EBA-3C0E-4B12-9790-DEE16A9B67FD}.Debug|x86.Build.0 = Debug|Win32
		{C3045EBA-3C0E-4B12-9790-DEE16A9B67FD}.Release|x64.ActiveCfg = Release|x64
		{C3045EBA-3C0E-4B12-9790-DEE16A9B67FD}.Release|x64.Build.0 = Release|x64
		{C3045EBA-3C0E-4B12-9790-DEE16A9B67FD}.Release|x86.ActiveCfg = Release|Win32
		{C3045EBA-3C0E-4B12-9790-DEE16A9B67FD}.Release|x86.Build.0 = Release|Win32
		{1C5181BB-123E-49AE-819C-508B328AC9C9}.Debug|x64.ActiveCfg = Debug|x64
		{1C5181BB-123E-49AE-819C-508B328AC9C9}.Debug|x64.Build.0 = Debug|x64
		{1C5181BB-123E-49AE-819C-508B328AC9C9}.Debug|x86.ActiveCfg = Debug|Win32
		{1C5181BB-123E-49AE-819C-508B328AC9C9}.Debug|x86.Build.0 = Debug|Win32
		{1C5181BB-123E-49AE-819C-508B328AC9C9}.Release|x64.ActiveCfg = Release|x64
		{1C5181BB-123E-49AE-819C-508B328AC9C9}.Release|x64.Build.0 = Release|x64
		{1C5181BB-123E-49AE-819C-508B328AC9C9}.Release|x86.ActiveCfg = Release|Win32
		{1C5181BB-123E-49AE-819C-508B328AC9C9}.Release|x86.Build.0 = Release|Win32
		{4A29425D-C825-4003-8CA1-06F116B5A9E5}.Debug|x64.ActiveCfg = Debug|x64
		{4A29425D-C825-4003-8CA1-06F116B5A9E5}.Debug|x64.Build.0 = Debug|x64
		{4A29425D-C825-4003-8CA1-06F116B5A9E5}.Debug|x86.ActiveCfg = Debug|Win32
		{4A29425D-C825-4003-8CA1-06F116B5A9E5}.Debug|x86.Build.0 = Debug|Win32
		{4A29425D-C825-4003-8CA1-06F116B5A9E5}.Release|x64.ActiveCfg = Release|x64
		{4A29425D-C825-4003-8CA1-06F116B5A9E5}.Release|x64.Build.0 = Release|x64
		{4A29425D-C825-4003-8CA1-06F116B5A9E5}.Release|x86.ActiveCfg = Release|Win32
		{4A29425D-C825-4003-8CA1-06F116B5A9E5}.Release|x86.Build.0 = Release|Win32
		{C64E6B77-D660-459B-982B-B225A643EF29}.Debug|x64.ActiveCfg = Debug|x64
		{C64E6B77-D660-459B-982B-B225A643EF29}.Debug|x64.Build.0 = Debug|x64
		{C64E6B77-D660-459B-982B-B225A643EF29}.Debug|x86.ActiveCfg = Debug|Win32
		{C64E6B77-D660-459B-982B-B225A643EF29}.Debug|x86.Build.0 = Debug|Win32
		{C64E6B77-D660-459B-982B-B225A643EF29}.Release|x64.ActiveCfg = Release|x64
		{C64E6B77-D660-459B-982B-B225A643EF29}.Release|x64.Build.0 = Release|x64
		{C64E6B77-D660-459B-982B-B225A643EF29}.Release|x86.ActiveCfg = Release|Win32
		{C64E6B77-D660-459B-982B-B225A643EF29}.Release|x86.Build.0 = Release|Win32
		{5501517A-9E7A-4C33-9385-A040E0E3F02B}.Debug|x64.ActiveCfg = Debug|x64
		{5501517A-9E7A-4C33-9385-A040E0E3F02B}.Debug|x64.Build.0 = Debug|x64
		{5501517A-9E7A-4C33-9385-A040E0E3F02B}.Debug|x86.ActiveCfg = Debug|Win32
		{5501517A-9E7A-4C33-9385-A040E0E3F02B}.Debug|x86.Build.0 = Debug|Win32
		{5501517A-9E7A-4C33-9385-A040E0E3F02B}.Release|x64.ActiveCfg = Release|x64
		{5501517A-9E7A-4C33-9385-A040E0E3F02B}.Release|x64.Build.0 = Release|x64
		{5501517A-9E7A-4C33-9385-A040E0E3F02B}.Release|x86.ActiveCfg = Release|Win32
		{5501517A-9E7A-4C33-9385-A040E0E3F02B}.Release|x86.Build.0 = Release|Win32
		{0A18B3B2-DBAE-4EE2-8300-66D73ECBD611}.Debug|x64.ActiveCfg = Debug|x64
		{0A18B3B2-DBAE-4EE2-8300-66D73ECBD611}.Debug|x64.Build.0 = Debug|x64
		{0A18B3B2-DBAE-4EE2-8300-66D73ECBD611}.Debug|x86.ActiveCfg = Debug|Win32
		{0A18B3B2-DBAE-4EE2-8300-66D73ECBD611}.Debug|x86.Build.0 = Debug|Win32
		{0A18B3B2-DBAE-4EE2-8300-66D73ECBD611}.Release|x64.ActiveCfg = Release|x64
		{0A18B3B2-DBAE-4EE2-8300-66D73ECBD611}.Release|x64.Build.0 = Release|x64
		{0A18B3B2-DBAE-4EE2-8300-66D73ECBD611}.Release|x86.ActiveCfg = Release|Win32
		{0A18B3B2-DBAE-4EE2-8300-66D73ECBD611}.Release|x86.Build.0 = Release|Win32
		{2EA442D0-9C26-4FF5-827D-9C164CE9DFAD}.Debug|x64.ActiveCfg = Debug|x64
		{2EA442D0-9C26-4FF5-827D-9C164CE9DFAD}.Debug|x64.Build.0 = Debug|x64
		{2EA442D0-9C26-4FF5-827D-9C164CE9DFAD}.Debug|x86.ActiveCfg = Debug|Win32
		{2EA442D0-9C26-4FF5-827D-9C164CE9DFAD}.Debug|x86.Build.0 = Debug|Win32
		{2EA442D0-9C26-4FF5-827D-9C164CE9DFAD}.Release|x64.ActiveCfg = Release|x64
		{2EA442D0-9C26-4FF5-827D-9C164CE9DFAD}.Release|x64.Build.0 = Release|x64
		{2EA442D0-9C26-4FF5-827D-9C164CE9DFAD}.Release|x86.ActiveCfg = Release|Win32
		{2EA442D0-9C26-4FF5-827D-9C164CE9DFAD}.Release|x86.Build.0 = Release|Win32
		{6875A3BB-D766-4DA9-815D-DE63A506DA1F}.Debug|x64.ActiveCfg = Debug|x64
		{6875A3BB-D766-4DA9-815D-DE63A506DA1F}.Debug|x64.Build.0 = Debug|x64
		{6875A3BB-D766-4DA9-815D-DE63A506DA1F}.Debug|x86.ActiveCfg = Debug|Win32
		{6875A3BB-D766-4DA9-815D-DE63A506DA1F}.Debug|x86.Build.0 = Debug|Win32
		{6875A3BB-D766-4DA9-815D-DE63A506DA1F}.Release|x64.ActiveCfg = Release|x64
		{6875A3BB-D766-4DA9-815D-DE63A506DA1F}.Release|x64.Build.0 = Release|x64
		{6875A3BB-D766-4DA9-815D-DE63A506DA1F}.Release|x86.ActiveCfg = Release|Win32
		{6875A3BB-D766-4DA9-815D-DE63A506DA1F}.Release|x86.Build.0 = Release|Win32
		{111E988B-4763-4AB4-BE40-8D71C57812BC}.Debug|x64.ActiveCfg = Debug|x64
		{111E988B-4763-4AB4-BE40-8D71C57812BC}.Debug|x64.Build.0 = Debug|x64
		{111E988B-4763-4AB4-BE40-8D71C57812BC}.Debug|x86.ActiveCfg = Debug|Win32
		{111E988B-4763-4AB4-BE40-8D71C57812BC}.Debug|x86.Build.0 = Debug|Win32
		{111E988B-4763-4AB4-BE40-8D71C57812BC}.Release|x64.ActiveCfg = Release|x64
		{111E988B-4763-4AB4-BE40-8D71C57812BC}.Release|x64.Build.0 = Release|x64
		{111E988B-4763-4AB4-BE40-8D71C57812BC}.Release|x86.ActiveCfg = Release|Win32
		{111E988B-4763-4AB4-BE40-8D71C57812BC}.Release|x86.Build.0 = Release|Win32
		{E9BA8D59-0BF7-4182-80D5-165E98066EC2}.Debug|x64.ActiveCfg = Debug|x64
		{E9BA8D59-0BF7-4182-80D5-165E98066EC2}.Debug|x64.Build.0 = Debug|x64
		{E9BA8D59-0BF7-4182-80D5-165E98066EC2}.Debug|x86.ActiveCfg = Debug|Win32
		{E9BA8D59-0BF7-4182-80D5-165E98066EC2}.Debug|x86.Build.0 = Debug|Win32
		{E9BA8D59-0BF7-4182-80D5-165E98066EC2}.Release|x64.ActiveCfg = Release|x64
		{E9BA8D59-0BF7-4182-80D5-165E98066EC2}.Release|x64.Build.0 = Release|x64
		{E9BA8D59-0BF7-4182-80D5-165E98066EC2}.Release|x86.ActiveCfg = Release|Win32
		{E9BA8D59-0BF7-4182-80D5-165E98066EC2}.Release|x86.Build.0 = Release|Win32
		{4BD06D69-3B1E-4272-9C0E-0811F933D056}.Debug|x64.ActiveCfg = Debug|x64
		{4BD06D69-3B1E-4272-9C0E-0811F933D056}.Debug|x64.Build.0 = Debug|x64
		{4BD06D69-3B1E-4272-9C0E-0811F933D056}.Debug|x86.ActiveCfg = Debug|Win32
		{4BD06D69-3B1E-4272-9C0E-0811F933D056}.Debug|x86.Build.0 = Debug|Win32
		{4BD06D69-3B1E-4272-9C0E-0811F933D056}.Release|x64.ActiveCfg = Release|x64
		{4BD06D69-3B1E-4272-9C0E-0811F933D056}.Release|x64.Build.0 = Release|x64
		{4BD06D69-3B1E-4272-9C0E-0811F933D056}.Release|x86.ActiveCfg = Release|Win32
		{4BD06D69-3B1E-4272-9C0E-0811F933D056}.Release|x86.Build.0 = Release|Win32
		{26A57C3B-35EF-4A6F-B986-8C9899580DE6}.Debug|x64.ActiveCfg = Debug|x64
		{26A57C3B-35EF-4A6F-B986-8C9899580DE6}.Debug|x64.Build.0 = Debug|x64
		{26A57C3B-35EF-4A6F-B986-8C9899580DE6}.Debug|x86.ActiveCfg = Debug|Win32
		{26A57C3B-35EF-4A6F-B986-8C9899580DE6}.Debug|x86.Build.0 = Debug|Win32
		{26A57C3B-35EF-4A6F-B986-8C9899580DE6}.Release|x64.ActiveCfg = Release|x64
		{26A57C3B-35EF-4A6F-B986-8C9899580DE6}.Release|x64.Build.0 = Release|x64
		{26A57C3B-35EF-4A6F-B986-8C9899580DE6}.Release|x86.ActiveCfg = Release|Win32
		{26A57C3B-35EF-4A6F-B986-8C9899580DE6}.Release|x86.Build.0 = Release|Win32
		{DE10C3CD-4FAC-4C39-AF28-BC8F0072FAEC}.Debug|x64.ActiveCfg = Debug|x64
		{DE10C3CD-4FAC-4C39-AF28-BC8F0072FAEC}.Debug|x64.Build.0 = Debug|x64
		{DE10C3CD-4FAC-4C39-AF28-BC8F0072FAEC}.Debug|x86.ActiveCfg = Debug|Win32
		{DE10C3CD-4FAC-4C39-AF28-BC8F0072FAEC}.Debug|x86.Build.0 = Debug|Win32
		{DE10C3CD-4FAC-4C39-AF28-BC8F0072FAEC}.Release|x64.ActiveCfg = Release|x64
		{DE10C3CD-4FAC-4C39-AF28-BC8F0072FAEC}.Release|x64.Build.0 = Release|x64
		{DE10C3CD-4FAC-4C39-AF28-BC8F0072FAEC}.Release|x86.ActiveCfg = Release|Win32
		{DE10C3CD-4FAC-4C39-AF28-BC8F0072FAEC}.Release|x86.Build.0 = Release|Win32
		{F2B83B06-387B-452F-B86E-42AFBFE81D19}.Debug|x64.ActiveCfg = Debug|x64
		{F2B83B06-387B-452F-B86E-42AFBFE81D19}.Debug|x64.Build.0 = Debug|x64
		{F2B83B06-387B-452F-B86E-42AFBFE81D19}.Debug|x86.ActiveCfg = Debug|Win32
		{F2B83B06-387B-452F-B86E-42AFBFE81D19}.Debug|x86.Build.0 = Debug|Win32
		{F2B83B06-387B-452F-B86E-42AFBFE81D19}.Release|x64.ActiveCfg = Release|x64
		{F2B83B06-387B-452F-B86E-42AFBFE81D19}.Release|x64.Build.0 = Release|x64
		{F2B83B06-387B-452F-B86E-42AFBFE81D19}.Release|x86.ActiveCfg = Release|Win32
		{F2B83B06-387B-452F-B86E-42AFBFE81D19}.Release|x86.Build.0 = Release|Win32
		{15DD0640-934C-4FDD-B142-0B03F35D4FAD}.Debug|x64.ActiveCfg = Debug|x64
		{15DD0640-934C-4FDD-B142-0B03F35D4FAD}.Debug|x64.Build.0 = Debug|x64
		{15DD0640-934C-4FDD-B142-0B03F35D4FAD}.Debug|x86.ActiveCfg = Debug|Win32
		{15DD0640-934C-4FDD-B142-0B03F35D4FAD}.Debug|x86.Build.0 = Debug|Win32
		{15DD0640-934C-4FDD-B142-0B03F35D4FAD}.Release|x64.ActiveCfg = Release|x64
		{15DD0640-934C-4FDD-B142-0B03F35D4FAD}.Release|x64.Build.0 = Release|x64
		{15DD0640-934C-4FDD-B142-0B03F35D4FAD}.Release|x86.ActiveCfg = Release|Win32
		{15DD0640-934C-4FDD-B142-0B03F35D4FAD}.Release|x86.Build.0 = Release|Win32
		{1E11DA9C-3120-45F9-87A5-5E2F841DD27E}.Debug|x64.ActiveCfg = Debug|x64
		{1E11DA9C-3120-45F9-87A5-5E2F841DD27E}.Debug|x64.Build.0 = Debug|x64
		{1E11DA9C-3120-45F9-87A5-5E2F841DD27E}.Debug|x86.ActiveCfg = Debug|Win32
		{1E11DA9C-3120-45F9-87A5-5E2F841DD27E}.Debug|x86.Build.0 = Debug|Win32
		{1E11DA9C-3120-45F9-87A5-5E2F841DD27E}.Release|x64.ActiveCfg = Release|x64
		{1E11DA9C-3120-45F9-87A5-5E2F841DD27E}.Release|x64.Build.0 = Release|x64
		{1E11DA9C-3120-45F9-87A5-5E2F841DD27E}.Release|x86.ActiveCfg = Release|Win32
		{1E11DA9C-3120-45F9-87A5-5E2F841DD27E}.Release|x86.Build.0 = Release|Win32
		{1E9ABFF1-9D84-4911-82E2-753F8C91F495}.Debug|x64.ActiveCfg = Debug|x64
		{1E9ABFF1-9D84-4911-82E2-753F8C91F495}.Debug|x64.Build.0 = Debug|x64
		{1E9ABFF1-9D84-4911-82E2-753F8C91F495}.Debug|x86.ActiveCfg = Debug|Win32
		{1E9ABFF1-9D84-4911-82E2-753F8C91F495}.Debug|x86.Build.0 = Debug|Win32
		{1E9ABFF1-9D84-4911-82E2-753F8C91F495}.Release|x64.ActiveCfg = Release|x64
		{1E9ABFF1-9D84-4911-82E2-753F8C91F495}.Release|x64.Build.0 = Release|x64
		{1E9ABFF1-9D84-4911-82E2-753F8C91F495}.Release|x86.ActiveCfg = Release|Win32
		{1E9ABFF1-9D84-4911-82E2-753F8C91F495}.Release|x86.Build.0 = Release|Win32
		{9A06C1E2-0046-44E7-9F98-E5F31EB2EC0D}.Debug|x64.ActiveCfg = Debug|x64
		{9A06C1E2-0046-44E7-9F98-E5F31EB2EC0D}.Debug|x64.Build.0 = Debug|x64
		{9A06C1E2-0046-44E7-9F98-E5F31EB2EC0D}.Debug|x86.ActiveCfg = Debug|Win32
		{9A06C1E2-0046-44E7-9F98-E5F31EB2EC0D}.Debug|x86.Build.0 = Debug|Win32
		{9A06C1E2-0046-44E7-9F98-E5F31EB2EC0D}.Release|x64.ActiveCfg = Release|x64
		{9A06C1E2-0046-44E7-9F98-E5F31EB2EC0D}.Release|x64.Build.0 = Release|x64
		{9A06C1E2-0046-44E7-9F98-E5F31EB2EC0D}.Release|x86.ActiveCfg = Release|Win32
		{9A06C1E2-0046-44E7-9F98-E5F31EB2EC0D}.Release|x86.Build.0 = Release|Win32
		{59B2BA27-59AD-4310-9B8B-B6EBEBE12B2E}.Debug|x64.ActiveCfg = Debug|x64
		{59B2BA27-59AD-4310-9B8B-B6EBEBE12B2E}.Debug|x64.Build.0 = Debug|x64
		{59B2BA27-59AD-4310-9B8B-B6EBEBE12B2E}.Debug|x86.ActiveCfg = Debug|Win32
		{59B2BA27-59AD-4310-9B8B-B6EBEBE12B2E}.Debug|x86.Build.0 = Debug|Win32
		{59B2BA27-59AD-4310-9B8B-B6EBEBE12B2E}.Release|x64.ActiveCfg = Release|x64
		{59B2BA27-59AD-4310-9B8B-B6EBEBE12B2E}.Release|x64.Build.0 = Release|x64
		{59B2BA27-59AD-4310-9B8B-B6EBEBE12B2E}.Release|x86.ActiveCfg = Release|Win32
		{59B2BA27-59AD-4310-9B8B-B6EBEBE12B2E}.Release|x86.Build.0 = Release|Win32
		{61D6103C-798F-4B32-971A-43237022B95E}.Debug|x64.ActiveCfg = Debug|x64
		{61D6103C-798F-4B32-971A-43237022B95E}.Debug|x64.Build.0 = Debug|x64
		{61D6103C-798F-4B32-971A-43237022B95E}.Debug|x86.ActiveCfg = Debug|Win32
		{61D6103C-798F-4B32-971A-43237022B95E}.Debug|x86.Build.0 = Debug|Win32
		{61D6103C-798F-4B32-971A-43237022B95E}.Release|x64.ActiveCfg = Release|x64
		{61D6103C-798F-4B32-971A-43237022B95E}.Release|x64.Build.0 = Release|x64
		{61D6103C-798F-4B32-971A-43237022B95E}.Release|x86.ActiveCfg = Release|Win32
		{61D6103C-798F-4B32-971A-43237022B95E}.Release|x86.Build.0 = Release|Win32
		{FD066CBB-16DF-4C03-B7D1-C9313E12018D}.Debug|x64.ActiveCfg = Debug|x64
		{FD066CBB-16DF-4C03-B7D1-C9313E12018D}.Debug|x64.Build.0 = Debug|x64
		{FD066CBB-16DF-4C03-B7D1-C9313E12018D}.Debug|x86.ActiveCfg = Debug|Win32
		{FD066CBB-16DF-4C03-B7D1-C9313E12018D}.Debug|x86.Build.0 = Debug|Win32
		{FD066CBB-16DF-4C03-B7D1-C9313E12018D}.Release|x64.ActiveCfg = Release|x64
		{FD066CBB-16DF-4C03-B7D1-C9313E12018D}.Release|x64.Build.0 = Release|x64
		{FD066CBB-16DF-4C03-B7D1-C9313E12018D}.Release|x86.ActiveCfg = Release|Win32
		{FD066CBB-16DF-4C03-B7D1-C9313E12018D}.Release|x86.Build.0 = Release|Win32
		{5F778E34-3526-46FD-AD02-6714E3AF8DDA}.Debug|x64.ActiveCfg = Debug|x64
		{5F778E34-3526-46FD-AD02-6714E3AF8DDA}.Debug|x64.Build.0 = Debug|x64
		{5F778E34-3526-46FD-AD02-6714E3AF8DDA}.Debug|x86.ActiveCfg = Debug|Win32
		{5F778E34-3526-46FD-AD02-6714E3AF8DDA}.Debug|x86.Build.0 = Debug|Win32
		{5F778E34-3526-46FD-AD02-6714E3AF8DDA}.Release|x64.ActiveCfg = Release|x64
		{5F778E34-3526-46FD-AD02-6714E3AF8DDA}.Release|x64.Build.0 = Release|x64
		{5F778E34-3526-46FD-AD02-6714E3AF8DDA}.Release|x86.ActiveCfg = Release|Win32
		{5F778E34-3526-46FD-AD02-6714E3AF8DDA}.Release|x86.Build.0 = Release|Win32
		{BD1F61E4-8F79-4358-8279-B0ED32AD568B}.Debug|x64.ActiveCfg = Debug|x64
		{BD1F61E4-8F79-4358-8279-B0ED32AD568B}.Debug|x64.Build.0 = Debug|x64
		{BD1F61E4-8F79-4358-8279-B0ED32AD568B}.Debug|x86.ActiveCfg = Debug|Win32
		{BD1F61E4-8F79-4358-8279-B0ED32AD568B}.Debug|x86.Build.0 = Debug|Win32
		{BD1F61E4-8F79-4358-8279-B0ED32AD568B}.Release|x64.ActiveCfg = Release|x64
		{BD1F61E4-8F79-4358-8279-B0ED32AD568B}.Release|x64.Build.0 = Release|x64
		{BD1F61E4-8F79-4358-8279-B0ED32AD568B}.Release|x86.ActiveCfg = Release|Win32
		{BD1F61E4-8F79-4358-8279-B0ED32AD568B}.Release|x86.Build.0 = Release|Win32
		{FD17D4FC-1775-4B1A-A5E3-CC19593955EB}.Debug|x64.ActiveCfg = Debug|x64
		{FD17D4FC-1775-4B1A-A5E3-CC19593955EB}.Debug|x64.Build.0 = Debug|x64
		{FD17D4FC-1775-4B1A-A5E3-CC19593955EB}.Debug|x86.ActiveCfg = Debug|Win32
		{FD17D4FC-1775-4B1A-A5E3-CC19593955EB}.Debug|x86.Build.0 = Debug|Win32
		{FD17D4FC-1775-4B1A-A5E3-CC19593955EB}.Release|x64.ActiveCfg = Release|x64
		{FD17D4FC-1775-4B1A-A5E3-CC19593955EB}.Release|x64.Build.0 = Release|x64
		{FD17D4FC-1775-4B1A-A5E3-CC19593955EB}.Release|x86.ActiveCfg = Release|Win32
		{FD17D4FC-1775-4B1A-A5E3-CC19593955EB}.Release|x86.Build.0 = Release|Win32
		{646CE707-A807-4E7D-8FF1-9C9B492C6B04}.Debug|x64.ActiveCfg = Debug|x64
		{646CE707-A807-4E7D-8FF1-9C9B492C6B04}.Debug|x64.Build.0 = Debug|x64
		{646CE707-A807-4E7D-8FF1-9C9B492C6B04}.Debug|x86.ActiveCfg = Debug|Win32
		{646CE707-A807-4E7D-8FF1-9C9B492C6B04}.Debug|x86.Build.0 = Debug|Win32
		{646CE707-A807-4E7D-8FF1-9C9B492C6B04}.Release|x64.ActiveCfg = Release|x64
		{646CE707-A807-4E7D-8FF1-9C9B492C6B04}.Release|x64.Build.0 = Release|x64
		{646CE707-A807-4E7D-8FF1-9C9B492C6B04}.Release|x86.ActiveCfg = Release|Win32
		{646CE707-A807-4E7D-8FF1-9C9B492C6B04}.Release|x86.Build.0 = Release|Win32
	EndGlobalSection
	GlobalSection(SolutionProperties) = preSolution
		HideSolutionNode = FALSE
	EndGlobalSection
	GlobalSection(NestedProjects) = preSolution
		{2B5A99D3-68D7-463A-A880-739B5C701B9B} = {8522AE3B-AF6E-4A09-94FA-DD43DFFAD258}
		{CD56530C-A457-4141-87EC-8B16C482B701} = {8522AE3B-AF6E-4A09-94FA-DD43DFFAD258}
		{A5049749-E930-4EF7-BCA3-1B3040A31E00} = {5E476AC6-7C1F-42CA-9152-EF41FF0C51F3}
		{A54DDD66-1D77-437D-A420-5BF80FE1B7FB} = {5E476AC6-7C1F-42CA-9152-EF41FF0C51F3}
		{20D1C3AA-7EAD-4290-A5DF-BA91041E3C35} = {5E476AC6-7C1F-42CA-9152-EF41FF0C51F3}
		{CF6763B5-7C0B-43B1-A7EE-9D2D335C121B} = {4692171E-E880-4795-BFD0-1B1AC61D0173}
		{B1A2B279-CD1A-43C9-9FB4-BA49524D209C} = {4692171E-E880-4795-BFD0-1B1AC61D0173}
		{ABBC2D90-F3F8-4CC8-B7B8-17360674C3CC} = {4692171E-E880-4795-BFD0-1B1AC61D0173}
		{32CFC8C3-DDE3-40C6-90B8-8A0AD9C279A8} = {4692171E-E880-4795-BFD0-1B1AC61D0173}
		{4CF6D6E0-6CC9-4E8D-8423-1D4937E9C2EF} = {EFBD4958-ECD9-40B6-8B8F-D5711A2A8F33}
		{E502AE6B-5979-4454-A163-8C8C278A7BB1} = {EFBD4958-ECD9-40B6-8B8F-D5711A2A8F33}
		{85FB4008-6BB9-401C-9502-78DA2E2C51D5} = {EFBD4958-ECD9-40B6-8B8F-D5711A2A8F33}
		{7E253795-8C92-49EB-B67B-C55E6118E706} = {EFBD4958-ECD9-40B6-8B8F-D5711A2A8F33}
		{5F17CE10-551D-42DE-A3BC-366D7840B50E} = {EFBD4958-ECD9-40B6-8B8F-D5711A2A8F33}
		{F5A11A9B-794B-4A9D-BD1D-50D1BCF79550} = {EFBD4958-ECD9-40B6-8B8F-D5711A2A8F33}
		{C5E154D7-BC97-4945-B1DE-B68D574464C0} = {EFBD4958-ECD9-40B6-8B8F-D5711A2A8F33}
		{31BC3393-3C9C-4B56-827A-CE0104B699D5} = {8522AE3B-AF6E-4A09-94FA-DD43DFFAD258}
		{7C5C3C0A-2F9D-4B1A-99DA-3A5DBB82E5AD} = {8522AE3B-AF6E-4A09-94FA-DD43DFFAD258}
		{804F6808-B889-49B7-83A4-3B2AEF6C9207} = {F69DB3C0-3199-4172-B446-3603D204883A}
		{FC814034-506D-4A78-A90C-CD57B512152E} = {F69DB3C0-3199-4172-B446-3603D204883A}
		{90485C74-F58D-488F-AE69-CF46F9B6AB4F} = {F69DB3C0-3199-4172-B446-3603D204883A}
		{75CD83C8-7D56-4CAD-A77F-328B3AB23336} = {F69DB3C0-3199-4172-B446-3603D204883A}
		{C200ACEB-5662-4136-9F60-26741FB7D034} = {F69DB3C0-3199-4172-B446-3603D204883A}
		{810274AD-DF0C-4589-8446-CDF2E5B34E71} = {F69DB3C0-3199-4172-B446-3603D204883A}
		{99C8241B-A7FF-4AE8-B2CF-EB7DC42D6456} = {F69DB3C0-3199-4172-B446-3603D204883A}
		{E4BCD5B8-907F-435C-9AEF-58FFC2A2BD34} = {F69DB3C0-3199-4172-B446-3603D204883A}
		{82F9AD8F-23E0-4528-8727-2B014977DD39} = {5E476AC6-7C1F-42CA-9152-EF41FF0C51F3}
		{CC60BCE7-4227-43BA-B57E-A3BF3748A940} = {5E476AC6-7C1F-42CA-9152-EF41FF0C51F3}
		{6D3501E6-AA95-414A-915C-C41587F1A331} = {5E476AC6-7C1F-42CA-9152-EF41FF0C51F3}
		{67B68EF2-295A-423F-8953-06E790217325} = {5E476AC6-7C1F-42CA-9152-EF41FF0C51F3}
		{10347E0B-0C7F-479D-A0E9-3DE43FCB6089} = {5E476AC6-7C1F-42CA-9152-EF41FF0C51F3}
		{27D23900-7DB8-4BFD-9DB8-026DA178893B} = {5E476AC6-7C1F-42CA-9152-EF41FF0C51F3}
		{941A78A2-6D46-4766-946E-2487C5F5C069} = {5E476AC6-7C1F-42CA-9152-EF41FF0C51F3}
		{C83FF0EB-9AC8-4DD7-9D43-5FD9DBF35DAA} = {5E476AC6-7C1F-42CA-9152-EF41FF0C51F3}
		{7CE77034-59BD-4108-B711-8A32E2C3A397} = {4692171E-E880-4795-BFD0-1B1AC61D0173}
		{BD28E0B6-F579-4B0C-957A-241CB5F732EA} = {4692171E-E880-4795-BFD0-1B1AC61D0173}
		{1F3AC826-5B4B-46E6-825B-E8F0C2108CA9} = {4692171E-E880-4795-BFD0-1B1AC61D0173}
		{33FD7EF7-896E-4D4C-AA40-03BD846EB616} = {EFBD4958-ECD9-40B6-8B8F-D5711A2A8F33}
		{86AD0F99-9038-4DEC-95F0-3FC4A4FEFCA8} = {EFBD4958-ECD9-40B6-8B8F-D5711A2A8F33}
		{93D5D471-0B33-4285-A291-4926AE36EFCA} = {EFBD4958-ECD9-40B6-8B8F-D5711A2A8F33}
		{5893E5FE-BD58-4B6F-A415-B97854F98C13} = {EFBD4958-ECD9-40B6-8B8F-D5711A2A8F33}
		{781518F5-A3D4-444D-BA32-BE067C5ECD49} = {EFBD4958-ECD9-40B6-8B8F-D5711A2A8F33}
		{51F250DB-5BB4-4F6B-8AD7-8D3AB42F7E77} = {EFBD4958-ECD9-40B6-8B8F-D5711A2A8F33}
		{DBE632D3-10C8-4E4A-8C5B-41EF26E1A466} = {EFBD4958-ECD9-40B6-8B8F-D5711A2A8F33}
		{33CADF36-DA4B-4551-B1BF-7E1D13EAD43A} = {EFBD4958-ECD9-40B6-8B8F-D5711A2A8F33}
		{0D417BF8-274A-42C7-BCB3-D06DC44FC929} = {00C16D2C-2F78-4908-A039-6B8CCCDBF2F1}
		{94DAC799-5012-4420-8EA7-F1C5B1B45A4F} = {00C16D2C-2F78-4908-A039-6B8CCCDBF2F1}
		{F16E7920-53F5-40DE-B194-EC64D5214C32} = {00C16D2C-2F78-4908-A039-6B8CCCDBF2F1}
		{AE9EEE9E-D620-4A1F-A376-68A969F4F6EC} = {00C16D2C-2F78-4908-A039-6B8CCCDBF2F1}
		{7D545D4D-C21C-411C-BC36-FC29FC75ABDA} = {00C16D2C-2F78-4908-A039-6B8CCCDBF2F1}
		{8542EC47-1390-426D-8970-06EC98A1B63A} = {00C16D2C-2F78-4908-A039-6B8CCCDBF2F1}
		{247DC983-A885-4A55-9F47-51FCAA65CBCF} = {00C16D2C-2F78-4908-A039-6B8CCCDBF2F1}
		{A7C37503-1BCF-4546-AB28-8B9D3A4D9A93} = {00C16D2C-2F78-4908-A039-6B8CCCDBF2F1}
		{7B3A51C7-F733-4260-937D-67223AE6BEAD} = {00C16D2C-2F78-4908-A039-6B8CCCDBF2F1}
		{42B59B93-8FCF-4D89-A932-DEDC0617F172} = {00C16D2C-2F78-4908-A039-6B8CCCDBF2F1}
		{C3045EBA-3C0E-4B12-9790-DEE16A9B67FD} = {00C16D2C-2F78-4908-A039-6B8CCCDBF2F1}
		{1C5181BB-123E-49AE-819C-508B328AC9C9} = {00C16D2C-2F78-4908-A039-6B8CCCDBF2F1}
		{4A29425D-C825-4003-8CA1-06F116B5A9E5} = {00C16D2C-2F78-4908-A039-6B8CCCDBF2F1}
		{C64E6B77-D660-459B-982B-B225A643EF29} = {A833A242-FF71-49FA-94E5-CCBEF5175D01}
		{5501517A-9E7A-4C33-9385-A040E0E3F02B} = {A833A242-FF71-49FA-94E5-CCBEF5175D01}
		{0A18B3B2-DBAE-4EE2-8300-66D73ECBD611} = {A833A242-FF71-49FA-94E5-CCBEF5175D01}
		{2EA442D0-9C26-4FF5-827D-9C164CE9DFAD} = {A833A242-FF71-49FA-94E5-CCBEF5175D01}
		{6875A3BB-D766-4DA9-815D-DE63A506DA1F} = {A833A242-FF71-49FA-94E5-CCBEF5175D01}
		{111E988B-4763-4AB4-BE40-8D71C57812BC} = {00C16D2C-2F78-4908-A039-6B8CCCDBF2F1}
		{E9BA8D59-0BF7-4182-80D5-165E98066EC2} = {A833A242-FF71-49FA-94E5-CCBEF5175D01}
		{4BD06D69-3B1E-4272-9C0E-0811F933D056} = {A833A242-FF71-49FA-94E5-CCBEF5175D01}
		{26A57C3B-35EF-4A6F-B986-8C9899580DE6} = {A833A242-FF71-49FA-94E5-CCBEF5175D01}
		{DE10C3CD-4FAC-4C39-AF28-BC8F0072FAEC} = {A833A242-FF71-49FA-94E5-CCBEF5175D01}
		{F2B83B06-387B-452F-B86E-42AFBFE81D19} = {A833A242-FF71-49FA-94E5-CCBEF5175D01}
		{15DD0640-934C-4FDD-B142-0B03F35D4FAD} = {A833A242-FF71-49FA-94E5-CCBEF5175D01}
		{1E11DA9C-3120-45F9-87A5-5E2F841DD27E} = {A833A242-FF71-49FA-94E5-CCBEF5175D01}
		{1E9ABFF1-9D84-4911-82E2-753F8C91F495} = {A833A242-FF71-49FA-94E5-CCBEF5175D01}
		{9A06C1E2-0046-44E7-9F98-E5F31EB2EC0D} = {EB8F5520-54CF-4378-8B79-CB9C0E03D327}
		{59B2BA27-59AD-4310-9B8B-B6EBEBE12B2E} = {EB8F5520-54CF-4378-8B79-CB9C0E03D327}
		{61D6103C-798F-4B32-971A-43237022B95E} = {EB8F5520-54CF-4378-8B79-CB9C0E03D327}
		{FD066CBB-16DF-4C03-B7D1-C9313E12018D} = {EB8F5520-54CF-4378-8B79-CB9C0E03D327}
		{5F778E34-3526-46FD-AD02-6714E3AF8DDA} = {EB8F5520-54CF-4378-8B79-CB9C0E03D327}
		{BD1F61E4-8F79-4358-8279-B0ED32AD568B} = {A833A242-FF71-49FA-94E5-CCBEF5175D01}
		{FD17D4FC-1775-4B1A-A5E3-CC19593955EB} = {A833A242-FF71-49FA-94E5-CCBEF5175D01}
		{646CE707-A807-4E7D-8FF1-9C9B492C6B04} = {00C16D2C-2F78-4908-A039-6B8CCCDBF2F1}
	EndGlobalSection
	GlobalSection(ExtensibilityGlobals) = postSolution
		SolutionGuid = {7DC79333-0A2A-4D79-BDD2-2EB81F53BA33}
	EndGlobalSection
EndGlobal
